{
    "version": 3,
    "terraform_version": "0.11.14",
    "serial": 10,
    "lineage": "75e1d483-92d3-718c-d24a-c9c7959459c5",
    "modules": [
        {
            "path": [
                "root"
            ],
            "outputs": {},
            "resources": {
                "null_resource.kubeconfig": {
                    "type": "null_resource",
                    "depends_on": [
                        "module.welcome-cluster"
                    ],
                    "primary": {
                        "id": "7514362873106298339",
                        "attributes": {
                            "id": "7514362873106298339"
                        },
                        "meta": {},
                        "tainted": false
                    },
                    "deposed": [],
                    "provider": "provider.null"
                },
                "null_resource.kubeconfig-azure": {
                    "type": "null_resource",
                    "depends_on": [
                        "module.azure-welcome-cluster"
                    ],
                    "primary": {
                        "id": "8478331950655150467",
                        "attributes": {
                            "id": "8478331950655150467"
                        },
                        "meta": {},
                        "tainted": false
                    },
                    "deposed": [],
                    "provider": "provider.null"
                }
            },
            "depends_on": []
        },
        {
            "path": [
                "root",
                "azure-welcome-cluster"
            ],
            "outputs": {
                "client_certificate": {
                    "sensitive": false,
                    "type": "string",
                    "value": "LS0tLS1CRUdJTiBDRVJUSUZJQ0FURS0tLS0tCk1JSUUvRENDQXVTZ0F3SUJBZ0lRQkFIdVFZOW9MODU4VUVwZFN1TlNaVEFOQmdrcWhraUc5dzBCQVFzRkFEQU4KTVFzd0NRWURWUVFERXdKallUQWVGdzB4T1RBMk1UY3lNRFExTXpCYUZ3MHlNVEEyTVRZeU1EVTFNekJhTURBeApGekFWQmdOVkJBb1REbk41YzNSbGJUcHRZWE4wWlhKek1SVXdFd1lEVlFRREV3eHRZWE4wWlhKamJHbGxiblF3CmdnSWlNQTBHQ1NxR1NJYjNEUUVCQVFVQUE0SUNEd0F3Z2dJS0FvSUNBUUR2QkcxNUlZYjR1STJuZk5lOThQb3YKalp4TDZzdy9kT0JJdjhUamFUTlBFOHhFaGNsbDAyS0w0YlB3aGgrU2k2V2x2VFZPTDRkck8xWjZqYzV4VUl1RwpjN0F2VTVZUUZMZEE3NTFKckZMOVJzck43eHRPbmVlRkZ6blB6eWVoUWRWdkMrcEZ0UDZINjl1aThrNm1CZnNBCjZQbnN0VVFUSUFJTkZFMVdGcklIeTdaZjZVVE4vYUVzSXNuaHF2ZjNCOHY5bXh5aEVRSURzRlFwNjRkTERtdXIKN1hUVzQ0SGd6ODNlcUoxZTJ3bHZDUFdjblp2dk02eWRaMUpnRjN6M1VKM29abm5aLzBERXE4VlFGWDIzMmlULwpsSVpaUDhzWjZyaVdHdlBGVFBXR2ttTnM3ZU9UbDVYUVI3am54RzZwMkMxalZFdnJ3RUs4RnVJd2RWNVR0ZnVXCmV3V1ArTHQvU1VPV0Y3REp0RE44ZFlvNFZRNnFCOHpBMTMySUUrcWk3ampsZFlLeERFTnNCWXhoTWFpWXNWaEMKeEIzZ21XOVFkUlRVb285QTA2ZkpheXlLVEVEQnMwYkNNV3RtOGJINnlhZWlybCtsYzdsVXhxYk1EV0U5aDFvRgprQi8zcXFTaDVkT0lPaWYycGoyUG5kT3VtL1cxcGd0VVBKY0RNbWdUK0J4bGVHQzIxNXNpS1VkUmk3amZtOEZXCll6QzB1UlBhWThzMXRaeHBOSlQ2aVV4VElYUFVmRGNLbmF2dkpueCtEWjU2OFJDZXYxRmh4cCs5UllFaTE0UjIKRzJUWGFGbFpNZUhpNDd0RXM4cFdPcjJDdEhYbU94TnE0UkhWOW5ZRkNlS0NyYUJCckxxUTlud0V3NWt1dmNnVgpzY05OdFdxREVTTXQxM2RMc3drd3p3SURBUUFCb3pVd016QU9CZ05WSFE4QkFmOEVCQU1DQmFBd0V3WURWUjBsCkJBd3dDZ1lJS3dZQkJRVUhBd0l3REFZRFZSMFRBUUgvQkFJd0FEQU5CZ2txaGtpRzl3MEJBUXNGQUFPQ0FnRUEKdDM2aVFZd1BJY1BGUVYxOTFRdVduYWFoMHRWS3ZzcDBaaHQvWFNlNmNaU2xWQWRuVlc2SW5vTVEyK3ZBMmF0Rgp5cFJYU0FkSSt6cnZxVjh0MHA3MlQ1UThrLzZxTGpqQko3aUFpcVg0VjNFNDZpcGhISkZ5SDF1bTBrYWo2WkVnCml4aE9GMDB2Q0dUZWRYNTZpczBSYmFpOFR4RGpyZjdFM3FVcktVS1N4NjdobXdDT1FJZTIzdnUwTXRtK0UxYlMKMVdDcjlQNHI0bkZVU3dHR25nYWpzclFhVCtEdkhweWwyYVdrRmdtYjRSR01aOTI3SktiVUpwVW40QlZ2QmFzSgpOV2M3a01CdzNNcEtYaHBmeEZjL3RXbjMraFVzSlF5MVVNeWlJVjZnMEZra2NRZm9jak01NUhVM3VpOFNuY1BXCnR0N3hRcXk0Y1YwbFd1U3BORDNsUFNCZ2dqaFhsdWdNcjhzemhsdDM0emNONTUvRGR0bDNsMGREc2RCWGpxSUoKNVJmeDFaM0ZWV0EvaHV6RGlXUllTNUE0VU1CUGJMSDZ4T0Y4QkdjSHBHc2NTcWZQWHdMY1NtblRnRXhNTnFCSgp1MHFRVU9JcGtuU3lRZkNlbjFZQkZBRlVwaHljRjM5alphS2pTeEE2MlJ1Y3NSdkZLOGhvVUJ3Rm1PVVloK0liCmtMRjVJS00zN1ZzVkdhY0tYQU92KzJtSGpULzBabGJjL3BVS3piNnlsSXRFY0dqbnZSVWJ1d0xZbncvQ1RYckcKeXpYaUp3UlFZcU1WNjNqV1BFZWJTaWlTUDJxcktIQjlnNmdCVURYVDBrVGcvbW5IVHk1ZjJmZ2pjd1NzcFRtSwpxY1RGMHordzZ2R3ZpR1E4UVdwdkNQMjE5YUc4V1h2N2RNcjhXUS9lZTF3PQotLS0tLUVORCBDRVJUSUZJQ0FURS0tLS0tCg=="
                },
                "client_key": {
                    "sensitive": false,
                    "type": "string",
                    "value": "-----BEGIN RSA PRIVATE KEY-----\nMIIJKAIBAAKCAgEA7wRteSGG+LiNp3zXvfD6L42cS+rMP3TgSL/E42kzTxPMRIXJ\nZdNii+Gz8IYfkoulpb01Ti+HaztWeo3OcVCLhnOwL1OWEBS3QO+dSaxS/UbKze8b\nTp3nhRc5z88noUHVbwvqRbT+h+vbovJOpgX7AOj57LVEEyACDRRNVhayB8u2X+lE\nzf2hLCLJ4ar39wfL/ZscoRECA7BUKeuHSw5rq+101uOB4M/N3qidXtsJbwj1nJ2b\n7zOsnWdSYBd891Cd6GZ52f9AxKvFUBV9t9ok/5SGWT/LGeq4lhrzxUz1hpJjbO3j\nk5eV0Ee458RuqdgtY1RL68BCvBbiMHVeU7X7lnsFj/i7f0lDlhewybQzfHWKOFUO\nqgfMwNd9iBPqou445XWCsQxDbAWMYTGomLFYQsQd4JlvUHUU1KKPQNOnyWssikxA\nwbNGwjFrZvGx+smnoq5fpXO5VMamzA1hPYdaBZAf96qkoeXTiDon9qY9j53Trpv1\ntaYLVDyXAzJoE/gcZXhgttebIilHUYu435vBVmMwtLkT2mPLNbWcaTSU+olMUyFz\n1Hw3Cp2r7yZ8fg2eevEQnr9RYcafvUWBIteEdhtk12hZWTHh4uO7RLPKVjq9grR1\n5jsTauER1fZ2BQnigq2gQay6kPZ8BMOZLr3IFbHDTbVqgxEjLdd3S7MJMM8CAwEA\nAQKCAgBtI2NtbR65UWP1N283nuJOdmYI0ETFMPP8o/weLvorwImEPGay5SvZXY0R\nZdziyHsxy8ycT92Q3D5npXq/iRy8nvSzF4KtAxiOQRtb+aDHX9zY3bZlVnrR7cIL\nHrckze/MTe+CNtwGam8W33eEHbT4PGlqaXaVGQd2u294wNI39w/miZhOSuKeSaBP\nOAcTuG6v9XTEIwT9dDVqEs7rOcF2du3j9Wxnn9uMMQfyuSd8mOW1xs3eEoVeNkCJ\n+g+oyhngdXJsVT5Yz2pAYB/QpH5CaapS9GskAWaZu+LVk4eFFDDsG0/QI+ZXfXhz\n8+DoEvreoS4tjtOqGPTdVaplpPIkaUWw6o9SIiQgvvy1CT6HC+XsF+VcN7IRitTJ\nYrPd01Xc69cZ8rpB+Jdhih7wbvNGOcGmK5YV2/VfM2EAGue80iIo/prZ/68hF/XS\n1ZMmpnZdB7b7aH3JUBhQKkwWz6F0/Zu3ERQNh66ySITSaSA7VWYrzXvZI/B3gFp6\nk94i+zgLPEDsHhOJuy4pzbgcaVxQq1ED18Odp9d9+JzOPNunbJmyzS0pgIWya2L4\nvIl8S9kjjEfndXraNzApwVB0yDfEmEYkgEBxO97t0krjAbMjH2vX6bFHRZR0KDOq\nlNMUaH9bv0cJNoeCZgpFe6WwrSx3T7iLALpPapQOZ8onXSU0OQKCAQEA8t7ddgdz\ni6TFc3eCsnfI9cyrnGTE+zbORoTc7k83VWpw8lSFCiwIqxcT7c5QbLZPJbi7BLN2\nff/GftC/SzIle1mepIYLR8eGw4/JoqL7esgqBFM+jONhSr185eaV64/TGWzcDNe5\nwYqQlx18Ee/EIIxmwsAejBJjUkulYCkbowhFH3PPHVIn4SCiwbup60nNUZGYvePS\nO4mSLnW4cA6kGfI/aHpU1YeiEt1XJg3UKNHIQTApaHKrlng62q9tX1mhxHLPRubZ\ngQkbz9uPUMTOrEaUYBndhMxGXOyUnENA6LG925us8mIU6CcM8qy0Z6vftJqlLTHA\n+fl8fcXr/gvQHQKCAQEA+/A8gS20hXk3zUhTLjizQ62Rze1DHcueKGDn7IuDNvoz\npy/eF96y0/do0MU90t/cUu9bhDiTT7UJIyKTMNfrWkvOYgkNMcTGfnAINrh0sNMJ\ngOigBHwYEKWdDFvFcPZtotgyA7HVn38pajpnKRlkrpEA5gktZrHL1zEfBtNjHiyY\n92RGSqPu30v7Qrssun7S5AKtI7uqvo2Sc6pXIlqWHTeJx10sJIPOMn5H7wezUXU7\nLIp1wVbftl24n9tMQffsAptQgj6RRtF1GrqLVdiaBXg2GVsgpjtJvaBO6Elbbpqq\nZeEpBOcD8WlFwBP45WRZRFgJZ0iKVx9ZqnHT/R5I2wKCAQAaXvCU/EIji4SVAQkD\n79W2Or73gEmTLWRAa/TBO4C6mZAh/+NiM13Nlffn/lrlMvZtFh3YaNQY4kjfRDNB\nKvS+7AA5xQQ8iwGrAlXWfvPnZQyK468LBTVvNBv3qo3kwf0d6aALFPFqfm0su1rZ\nZ7tX/Wa7BrlKZES8jtIqGsyRazh2LdDzUhRacXy6pHHSxnSwwqpfE/mj1VA2Ezov\nkKdo2dDgu0ey18NVYQsxapb6x6yCx4P3f1v6PpvFWv75N3ZFKmIvRKmhRSfr7d8l\n2fjG4/MAbE6NOND7DgUk4niNy57d1Y111AiJHJRfVTlReGwV5CTDP3/ApMJLtc3m\nC8pRAoIBAQCj3ws76wK0nrgRKq4QLolLyCZCj8VMKBljokS4s7ZRmEToxlXrqMsg\n3Jis0t73vuyMdWxNgI8xFUwwMlkTOB65yP0g/0o5yQhjTXPKRAiCy4Iu+yC6Sg1N\nJqwUUc0HQQLnHUDK7m1JJWlG014ueXnnoiG3ftitJ5CzFBxeUDj0c4W7xNmDy0Wg\nsMdqDF13oO6DqMn9qB/Tejp8SZwLmGhz8KAJsSz5Q1JnvYQEkjmtDlfDDPyzGVLC\nSAvCzt23Ow+kUmn3jcLpEWzeSeA/onfsftiRfZirB31bfl5U8QIr2yZixiXsLmd+\nKz9XRKZsbu0xayISsDhrmtSz7P46cexpAoIBAFwWGbGiaZEDs6oHqAfmSWI/vFgQ\ntyb+e81U+0vnd4vPzsGzgOqwXlhJDBAS7hBe5ORssbO1VtgEk/IK5uYm2echnnFf\nFLLfBNOHtMoF7x4BAyrF+ezf8vdOXVK6Nfgqkol0ZCFoVLJjqYxA9qd0iluIz5Su\nL7LFmHNJkmkslKU3Y3p3UsB8V8yfe6qeUqKPYQ1OnfPlujQRwG6LtnT37PBP0K3P\n1VmV8cOlTKRy7/r4OvCJzSLijf5w13dNScQ233mjAGLXI03a8DPyhs21m6QtqGvS\nkfmxoBdT/WOiH/xVDDtUKVYcvq+NkGoodDrx2r7oDZ51mtotuVswxxoq0mc=\n-----END RSA PRIVATE KEY-----\n"
                },
                "cluster_ca_certificate": {
                    "sensitive": false,
                    "type": "string",
                    "value": "-----BEGIN CERTIFICATE-----\nMIIExzCCAq+gAwIBAgIQCMBdiGfoNOI2dAZTVtx6cjANBgkqhkiG9w0BAQsFADAN\nMQswCQYDVQQDEwJjYTAeFw0xOTA2MTcyMDQ1MzBaFw00OTA2MDkyMDU1MzBaMA0x\nCzAJBgNVBAMTAmNhMIICIjANBgkqhkiG9w0BAQEFAAOCAg8AMIICCgKCAgEAwk40\no5yaCfLuTtJCYgj+ls/Ol2NXkZ8+VHXmkpmiaA/ll1jU9sx5khOkffy5VMszC1K1\nX9KNMICWWawoVWBiNzCH02jYPtfhUPrr8wIxqJ+v2gawHI/4S9eVD7bEl/Bv67Cw\nXjDG5mOCyzpqZKeVueQb2coQV//yeyvmFLDpLj0qkHSOdOkUz/t/c2/6BV16Uklt\nw7vZOZw9rdusb8kjW7Zw7VAo0TrnVUZjnJM/S91iNfBkbN9a2EW6UUYK/zkqND1+\nYm4yfSk8PBpsv8O5yVIvO4UA/w9irDsWHkweqSDAaPqwDFArAxQfTxtpR31L2P5A\nln0cfiITGzwf/ZhbPKYukGJUi+3gvmkc0zQwaEFdBQkxJZXM0SYY2zUyyTn4eF9J\nAXgj6Egq2MPJKbDSVHhsDUxaRRQogCo9OFcgU8QfE2voywwgg7FYyjL6LBHWQo1R\nAOGYLKrmKlcg6xKeuT0DOwlfHqdEsmKYEGbul1RXn2N4r+hNXiJsTA+1WcF+9H0J\n/5QZ+W3ovkyh3zVQkSQ79kDKLg6omm3bjxROuhZ7gpICKcFIJlqG78BjdgHXMr3N\nV5fXqD5VinvBgBtcij+q/bAzsKNwBmybas5trVHw8pOdb1pV4HW5KKpptRsc3lUe\n6OoumFVleOwElMPIA3q8uJcoGXfoup6WRXka67sCAwEAAaMjMCEwDgYDVR0PAQH/\nBAQDAgKkMA8GA1UdEwEB/wQFMAMBAf8wDQYJKoZIhvcNAQELBQADggIBAHuY2sGN\nGg0uqyh4Toew5s6x7muEhAQS6QY3+Uk+Cw5Cshk1p30WozEczubci0PeEbwDQ3sl\nMHX7SP3liwheeWohfcLDX3cUEN0UojqFkyXaAPUQhtndYBXhxfuOi0YKu+y6WM/V\nXKnRrBckDJKg7U22EK8cMQNqcoAbhubKZ+GHCBmCAmE5XljG2gP5OeKfcGLDgX/N\nNmJPpaXzXxZdp0qA6tfybYwGHCLB7MQTBAGaFo0ENF0e0SS2TlIToGLRf4zlAPRv\nGTa0FxYxeJJkddubaZaRKvPyKhEFlw87xC4jlPEZaYaXGjER4BSiLGtw//eYD/7F\niOR5R2ZDzHFjoaK0qHkO2oDDF3u72ubEC1Wi8rFt+DdLJCrl6Ca1caiuQWUdWv2D\nxCOoezfyh9Ie1aiArdXU58kevPDqDmCur32wGZaFe3T/k464MgNuIiDtPl7xDnLa\nrQkd6uRdW6SZpAnVOm6iMOhwQ+TLJLOGJba+evUyX04maLoq+5zp4DcOqYXp6RdM\nDS4Ka+pbtj5HCUcC2GdPl04RCmsldRnwjw4Uc6z3kaL4derbAuto0anEGV7V71mH\nTkeLVX8dKNAnzjsc+kKpedvDcyF/prQ/e5CM4E333MjVirs+tdredU1BVDfuPF7V\ntuCIjzZAE7VRz6Fsq1Od2hfOHla2pGxkqEqu\n-----END CERTIFICATE-----\n"
                },
                "cluster_fqdn": {
                    "sensitive": false,
                    "type": "string",
                    "value": "acctestagent1-94a61674.hcp.eastus.azmk8s.io"
                },
                "cluster_hostname": {
                    "sensitive": false,
                    "type": "string",
                    "value": "acctestaks1"
                },
                "cluster_password": {
                    "sensitive": false,
                    "type": "string",
                    "value": "e8125d52c523f54f67b35af561cf4334"
                },
                "cluster_username": {
                    "sensitive": false,
                    "type": "string",
                    "value": "clusterUser_acctestRG1_acctestaks1"
                },
                "kube_config": {
                    "sensitive": false,
                    "type": "string",
                    "value": "apiVersion: v1\nclusters:\n- cluster:\n    certificate-authority-data: LS0tLS1CRUdJTiBDRVJUSUZJQ0FURS0tLS0tCk1JSUV4ekNDQXErZ0F3SUJBZ0lRQ01CZGlHZm9OT0kyZEFaVFZ0eDZjakFOQmdrcWhraUc5dzBCQVFzRkFEQU4KTVFzd0NRWURWUVFERXdKallUQWVGdzB4T1RBMk1UY3lNRFExTXpCYUZ3MDBPVEEyTURreU1EVTFNekJhTUEweApDekFKQmdOVkJBTVRBbU5oTUlJQ0lqQU5CZ2txaGtpRzl3MEJBUUVGQUFPQ0FnOEFNSUlDQ2dLQ0FnRUF3azQwCm81eWFDZkx1VHRKQ1lnaitscy9PbDJOWGtaOCtWSFhta3BtaWFBL2xsMWpVOXN4NWtoT2tmZnk1Vk1zekMxSzEKWDlLTk1JQ1dXYXdvVldCaU56Q0gwMmpZUHRmaFVQcnI4d0l4cUordjJnYXdISS80UzllVkQ3YkVsL0J2NjdDdwpYakRHNW1PQ3l6cHFaS2VWdWVRYjJjb1FWLy95ZXl2bUZMRHBMajBxa0hTT2RPa1V6L3QvYzIvNkJWMTZVa2x0Cnc3dlpPWnc5cmR1c2I4a2pXN1p3N1ZBbzBUcm5WVVpqbkpNL1M5MWlOZkJrYk45YTJFVzZVVVlLL3prcU5EMSsKWW00eWZTazhQQnBzdjhPNXlWSXZPNFVBL3c5aXJEc1dIa3dlcVNEQWFQcXdERkFyQXhRZlR4dHBSMzFMMlA1QQpsbjBjZmlJVEd6d2YvWmhiUEtZdWtHSlVpKzNndm1rYzB6UXdhRUZkQlFreEpaWE0wU1lZMnpVeXlUbjRlRjlKCkFYZ2o2RWdxMk1QSktiRFNWSGhzRFV4YVJSUW9nQ285T0ZjZ1U4UWZFMnZveXd3Z2c3Rll5akw2TEJIV1FvMVIKQU9HWUxLcm1LbGNnNnhLZXVUMERPd2xmSHFkRXNtS1lFR2J1bDFSWG4yTjRyK2hOWGlKc1RBKzFXY0YrOUgwSgovNVFaK1czb3ZreWgzelZRa1NRNzlrREtMZzZvbW0zYmp4Uk91aFo3Z3BJQ0tjRklKbHFHNzhCamRnSFhNcjNOClY1ZlhxRDVWaW52QmdCdGNpaitxL2JBenNLTndCbXliYXM1dHJWSHc4cE9kYjFwVjRIVzVLS3BwdFJzYzNsVWUKNk9vdW1GVmxlT3dFbE1QSUEzcTh1SmNvR1hmb3VwNldSWGthNjdzQ0F3RUFBYU1qTUNFd0RnWURWUjBQQVFILwpCQVFEQWdLa01BOEdBMVVkRXdFQi93UUZNQU1CQWY4d0RRWUpLb1pJaHZjTkFRRUxCUUFEZ2dJQkFIdVkyc0dOCkdnMHVxeWg0VG9ldzVzNng3bXVFaEFRUzZRWTMrVWsrQ3c1Q3NoazFwMzBXb3pFY3p1YmNpMFBlRWJ3RFEzc2wKTUhYN1NQM2xpd2hlZVdvaGZjTERYM2NVRU4wVW9qcUZreVhhQVBVUWh0bmRZQlhoeGZ1T2kwWUt1K3k2V00vVgpYS25SckJja0RKS2c3VTIyRUs4Y01RTnFjb0FiaHViS1orR0hDQm1DQW1FNVhsakcyZ1A1T2VLZmNHTERnWC9OCk5tSlBwYVh6WHhaZHAwcUE2dGZ5Yll3R0hDTEI3TVFUQkFHYUZvMEVORjBlMFNTMlRsSVRvR0xSZjR6bEFQUnYKR1RhMEZ4WXhlSkprZGR1YmFaYVJLdlB5S2hFRmx3ODd4QzRqbFBFWmFZYVhHakVSNEJTaUxHdHcvL2VZRC83RgppT1I1UjJaRHpIRmpvYUswcUhrTzJvRERGM3U3MnViRUMxV2k4ckZ0K0RkTEpDcmw2Q2ExY2FpdVFXVWRXdjJECnhDT29lemZ5aDlJZTFhaUFyZFhVNThrZXZQRHFEbUN1cjMyd0daYUZlM1QvazQ2NE1nTnVJaUR0UGw3eERuTGEKclFrZDZ1UmRXNlNacEFuVk9tNmlNT2h3UStUTEpMT0dKYmErZXZVeVgwNG1hTG9xKzV6cDREY09xWVhwNlJkTQpEUzRLYStwYnRqNUhDVWNDMkdkUGwwNFJDbXNsZFJud2p3NFVjNnoza2FMNGRlcmJBdXRvMGFuRUdWN1Y3MW1IClRrZUxWWDhkS05Bbnpqc2Mra0twZWR2RGN5Ri9wclEvZTVDTTRFMzMzTWpWaXJzK3RkcmVkVTFCVkRmdVBGN1YKdHVDSWp6WkFFN1ZSejZGc3ExT2QyaGZPSGxhMnBHeGtxRXF1Ci0tLS0tRU5EIENFUlRJRklDQVRFLS0tLS0K\n    server: https://acctestagent1-94a61674.hcp.eastus.azmk8s.io:443\n  name: acctestaks1\ncontexts:\n- context:\n    cluster: acctestaks1\n    user: clusterUser_acctestRG1_acctestaks1\n  name: acctestaks1\ncurrent-context: acctestaks1\nkind: Config\npreferences: {}\nusers:\n- name: clusterUser_acctestRG1_acctestaks1\n  user:\n    client-certificate-data: LS0tLS1CRUdJTiBDRVJUSUZJQ0FURS0tLS0tCk1JSUUvRENDQXVTZ0F3SUJBZ0lRQkFIdVFZOW9MODU4VUVwZFN1TlNaVEFOQmdrcWhraUc5dzBCQVFzRkFEQU4KTVFzd0NRWURWUVFERXdKallUQWVGdzB4T1RBMk1UY3lNRFExTXpCYUZ3MHlNVEEyTVRZeU1EVTFNekJhTURBeApGekFWQmdOVkJBb1REbk41YzNSbGJUcHRZWE4wWlhKek1SVXdFd1lEVlFRREV3eHRZWE4wWlhKamJHbGxiblF3CmdnSWlNQTBHQ1NxR1NJYjNEUUVCQVFVQUE0SUNEd0F3Z2dJS0FvSUNBUUR2QkcxNUlZYjR1STJuZk5lOThQb3YKalp4TDZzdy9kT0JJdjhUamFUTlBFOHhFaGNsbDAyS0w0YlB3aGgrU2k2V2x2VFZPTDRkck8xWjZqYzV4VUl1RwpjN0F2VTVZUUZMZEE3NTFKckZMOVJzck43eHRPbmVlRkZ6blB6eWVoUWRWdkMrcEZ0UDZINjl1aThrNm1CZnNBCjZQbnN0VVFUSUFJTkZFMVdGcklIeTdaZjZVVE4vYUVzSXNuaHF2ZjNCOHY5bXh5aEVRSURzRlFwNjRkTERtdXIKN1hUVzQ0SGd6ODNlcUoxZTJ3bHZDUFdjblp2dk02eWRaMUpnRjN6M1VKM29abm5aLzBERXE4VlFGWDIzMmlULwpsSVpaUDhzWjZyaVdHdlBGVFBXR2ttTnM3ZU9UbDVYUVI3am54RzZwMkMxalZFdnJ3RUs4RnVJd2RWNVR0ZnVXCmV3V1ArTHQvU1VPV0Y3REp0RE44ZFlvNFZRNnFCOHpBMTMySUUrcWk3ampsZFlLeERFTnNCWXhoTWFpWXNWaEMKeEIzZ21XOVFkUlRVb285QTA2ZkpheXlLVEVEQnMwYkNNV3RtOGJINnlhZWlybCtsYzdsVXhxYk1EV0U5aDFvRgprQi8zcXFTaDVkT0lPaWYycGoyUG5kT3VtL1cxcGd0VVBKY0RNbWdUK0J4bGVHQzIxNXNpS1VkUmk3amZtOEZXCll6QzB1UlBhWThzMXRaeHBOSlQ2aVV4VElYUFVmRGNLbmF2dkpueCtEWjU2OFJDZXYxRmh4cCs5UllFaTE0UjIKRzJUWGFGbFpNZUhpNDd0RXM4cFdPcjJDdEhYbU94TnE0UkhWOW5ZRkNlS0NyYUJCckxxUTlud0V3NWt1dmNnVgpzY05OdFdxREVTTXQxM2RMc3drd3p3SURBUUFCb3pVd016QU9CZ05WSFE4QkFmOEVCQU1DQmFBd0V3WURWUjBsCkJBd3dDZ1lJS3dZQkJRVUhBd0l3REFZRFZSMFRBUUgvQkFJd0FEQU5CZ2txaGtpRzl3MEJBUXNGQUFPQ0FnRUEKdDM2aVFZd1BJY1BGUVYxOTFRdVduYWFoMHRWS3ZzcDBaaHQvWFNlNmNaU2xWQWRuVlc2SW5vTVEyK3ZBMmF0Rgp5cFJYU0FkSSt6cnZxVjh0MHA3MlQ1UThrLzZxTGpqQko3aUFpcVg0VjNFNDZpcGhISkZ5SDF1bTBrYWo2WkVnCml4aE9GMDB2Q0dUZWRYNTZpczBSYmFpOFR4RGpyZjdFM3FVcktVS1N4NjdobXdDT1FJZTIzdnUwTXRtK0UxYlMKMVdDcjlQNHI0bkZVU3dHR25nYWpzclFhVCtEdkhweWwyYVdrRmdtYjRSR01aOTI3SktiVUpwVW40QlZ2QmFzSgpOV2M3a01CdzNNcEtYaHBmeEZjL3RXbjMraFVzSlF5MVVNeWlJVjZnMEZra2NRZm9jak01NUhVM3VpOFNuY1BXCnR0N3hRcXk0Y1YwbFd1U3BORDNsUFNCZ2dqaFhsdWdNcjhzemhsdDM0emNONTUvRGR0bDNsMGREc2RCWGpxSUoKNVJmeDFaM0ZWV0EvaHV6RGlXUllTNUE0VU1CUGJMSDZ4T0Y4QkdjSHBHc2NTcWZQWHdMY1NtblRnRXhNTnFCSgp1MHFRVU9JcGtuU3lRZkNlbjFZQkZBRlVwaHljRjM5alphS2pTeEE2MlJ1Y3NSdkZLOGhvVUJ3Rm1PVVloK0liCmtMRjVJS00zN1ZzVkdhY0tYQU92KzJtSGpULzBabGJjL3BVS3piNnlsSXRFY0dqbnZSVWJ1d0xZbncvQ1RYckcKeXpYaUp3UlFZcU1WNjNqV1BFZWJTaWlTUDJxcktIQjlnNmdCVURYVDBrVGcvbW5IVHk1ZjJmZ2pjd1NzcFRtSwpxY1RGMHordzZ2R3ZpR1E4UVdwdkNQMjE5YUc4V1h2N2RNcjhXUS9lZTF3PQotLS0tLUVORCBDRVJUSUZJQ0FURS0tLS0tCg==\n    client-key-data: LS0tLS1CRUdJTiBSU0EgUFJJVkFURSBLRVktLS0tLQpNSUlKS0FJQkFBS0NBZ0VBN3dSdGVTR0crTGlOcDN6WHZmRDZMNDJjUytyTVAzVGdTTC9FNDJrelR4UE1SSVhKClpkTmlpK0d6OElZZmtvdWxwYjAxVGkrSGF6dFdlbzNPY1ZDTGhuT3dMMU9XRUJTM1FPK2RTYXhTL1ViS3plOGIKVHAzbmhSYzV6ODhub1VIVmJ3dnFSYlQraCt2Ym92Sk9wZ1g3QU9qNTdMVkVFeUFDRFJSTlZoYXlCOHUyWCtsRQp6ZjJoTENMSjRhcjM5d2ZML1pzY29SRUNBN0JVS2V1SFN3NXJxKzEwMXVPQjRNL04zcWlkWHRzSmJ3ajFuSjJiCjd6T3NuV2RTWUJkODkxQ2Q2R1o1MmY5QXhLdkZVQlY5dDlvay81U0dXVC9MR2VxNGxocnp4VXoxaHBKamJPM2oKazVlVjBFZTQ1OFJ1cWRndFkxUkw2OEJDdkJiaU1IVmVVN1g3bG5zRmovaTdmMGxEbGhld3liUXpmSFdLT0ZVTwpxZ2ZNd05kOWlCUHFvdTQ0NVhXQ3NReERiQVdNWVRHb21MRllRc1FkNEpsdlVIVVUxS0tQUU5PbnlXc3Npa3hBCndiTkd3akZyWnZHeCtzbW5vcTVmcFhPNVZNYW16QTFoUFlkYUJaQWY5NnFrb2VYVGlEb245cVk5ajUzVHJwdjEKdGFZTFZEeVhBekpvRS9nY1pYaGd0dGViSWlsSFVZdTQzNXZCVm1Nd3RMa1QybVBMTmJXY2FUU1Urb2xNVXlGegoxSHczQ3Aycjd5WjhmZzJlZXZFUW5yOVJZY2FmdlVXQkl0ZUVkaHRrMTJoWldUSGg0dU83UkxQS1ZqcTlnclIxCjVqc1RhdUVSMWZaMkJRbmlncTJnUWF5NmtQWjhCTU9aTHIzSUZiSERUYlZxZ3hFakxkZDNTN01KTU04Q0F3RUEKQVFLQ0FnQnRJMk50YlI2NVVXUDFOMjgzbnVKT2RtWUkwRVRGTVBQOG8vd2VMdm9yd0ltRVBHYXk1U3ZaWFkwUgpaZHppeUhzeHk4eWNUOTJRM0Q1bnBYcS9pUnk4bnZTekY0S3RBeGlPUVJ0YithREhYOXpZM2JabFZuclI3Y0lMCkhyY2t6ZS9NVGUrQ050d0dhbThXMzNlRUhiVDRQR2xxYVhhVkdRZDJ1Mjk0d05JMzl3L21pWmhPU3VLZVNhQlAKT0FjVHVHNnY5WFRFSXdUOWREVnFFczdyT2NGMmR1M2o5V3hubjl1TU1RZnl1U2Q4bU9XMXhzM2VFb1ZlTmtDSgorZytveWhuZ2RYSnNWVDVZejJwQVlCL1FwSDVDYWFwUzlHc2tBV2FadStMVms0ZUZGRERzRzAvUUkrWlhmWGh6CjgrRG9FdnJlb1M0dGp0T3FHUFRkVmFwbHBQSWthVVd3Nm85U0lpUWd2dnkxQ1Q2SEMrWHNGK1ZjTjdJUml0VEoKWXJQZDAxWGM2OWNaOHJwQitKZGhpaDd3YnZOR09jR21LNVlWMi9WZk0yRUFHdWU4MGlJby9wclovNjhoRi9YUwoxWk1tcG5aZEI3YjdhSDNKVUJoUUtrd1d6NkYwL1p1M0VSUU5oNjZ5U0lUU2FTQTdWV1lyelh2WkkvQjNnRnA2Cms5NGkremdMUEVEc0hoT0p1eTRwemJnY2FWeFFxMUVEMThPZHA5ZDkrSnpPUE51bmJKbXl6UzBwZ0lXeWEyTDQKdklsOFM5a2pqRWZuZFhyYU56QXB3VkIweURmRW1FWWtnRUJ4Tzk3dDBrcmpBYk1qSDJ2WDZiRkhSWlIwS0RPcQpsTk1VYUg5YnYwY0pOb2VDWmdwRmU2V3dyU3gzVDdpTEFMcFBhcFFPWjhvblhTVTBPUUtDQVFFQTh0N2RkZ2R6Cmk2VEZjM2VDc25mSTljeXJuR1RFK3piT1JvVGM3azgzVldwdzhsU0ZDaXdJcXhjVDdjNVFiTFpQSmJpN0JMTjIKZmYvR2Z0Qy9TeklsZTFtZXBJWUxSOGVHdzQvSm9xTDdlc2dxQkZNK2pPTmhTcjE4NWVhVjY0L1RHV3pjRE5lNQp3WXFRbHgxOEVlL0VJSXhtd3NBZWpCSmpVa3VsWUNrYm93aEZIM1BQSFZJbjRTQ2l3YnVwNjBuTlVaR1l2ZVBTCk80bVNMblc0Y0E2a0dmSS9hSHBVMVllaUV0MVhKZzNVS05ISVFUQXBhSEtybG5nNjJxOXRYMW1oeEhMUFJ1YloKZ1FrYno5dVBVTVRPckVhVVlCbmRoTXhHWE95VW5FTkE2TEc5MjV1czhtSVU2Q2NNOHF5MFo2dmZ0SnFsTFRIQQorZmw4ZmNYci9ndlFIUUtDQVFFQSsvQThnUzIwaFhrM3pVaFRMaml6UTYyUnplMURIY3VlS0dEbjdJdUROdm96CnB5L2VGOTZ5MC9kbzBNVTkwdC9jVXU5YmhEaVRUN1VKSXlLVE1OZnJXa3ZPWWdrTk1jVEdmbkFJTnJoMHNOTUoKZ09pZ0JId1lFS1dkREZ2RmNQWnRvdGd5QTdIVm4zOHBhanBuS1Jsa3JwRUE1Z2t0WnJITDF6RWZCdE5qSGl5WQo5MlJHU3FQdTMwdjdRcnNzdW43UzVBS3RJN3Vxdm8yU2M2cFhJbHFXSFRlSngxMHNKSVBPTW41SDd3ZXpVWFU3CkxJcDF3VmJmdGwyNG45dE1RZmZzQXB0UWdqNlJSdEYxR3JxTFZkaWFCWGcyR1ZzZ3BqdEp2YUJPNkVsYmJwcXEKWmVFcEJPY0Q4V2xGd0JQNDVXUlpSRmdKWjBpS1Z4OVpxbkhUL1I1STJ3S0NBUUFhWHZDVS9FSWppNFNWQVFrRAo3OVcyT3I3M2dFbVRMV1JBYS9UQk80QzZtWkFoLytOaU0xM05sZmZuL2xybE12WnRGaDNZYU5RWTRramZSRE5CCkt2Uys3QUE1eFFROGl3R3JBbFhXZnZQblpReUs0NjhMQlRWdk5CdjNxbzNrd2YwZDZhQUxGUEZxZm0wc3UxcloKWjd0WC9XYTdCcmxLWkVTOGp0SXFHc3lSYXpoMkxkRHpVaFJhY1h5NnBISFN4blN3d3FwZkUvbWoxVkEyRXpvdgprS2RvMmREZ3UwZXkxOE5WWVFzeGFwYjZ4NnlDeDRQM2YxdjZQcHZGV3Y3NU4zWkZLbUl2UkttaFJTZnI3ZDhsCjJmakc0L01BYkU2Tk9ORDdEZ1VrNG5pTnk1N2QxWTExMUFpSkhKUmZWVGxSZUd3VjVDVERQMy9BcE1KTHRjM20KQzhwUkFvSUJBUUNqM3dzNzZ3SzBucmdSS3E0UUxvbEx5Q1pDajhWTUtCbGpva1M0czdaUm1FVG94bFhycU1zZwozSmlzMHQ3M3Z1eU1kV3hOZ0k4eEZVd3dNbGtUT0I2NXlQMGcvMG81eVFoalRYUEtSQWlDeTRJdSt5QzZTZzFOCkpxd1VVYzBIUVFMbkhVREs3bTFKSldsRzAxNHVlWG5ub2lHM2Z0aXRKNUN6RkJ4ZVVEajBjNFc3eE5tRHkwV2cKc01kcURGMTNvTzZEcU1uOXFCL1RlanA4U1p3TG1HaHo4S0FKc1N6NVExSm52WVFFa2ptdERsZkREUHl6R1ZMQwpTQXZDenQyM093K2tVbW4zamNMcEVXemVTZUEvb25mc2Z0aVJmWmlyQjMxYmZsNVU4UUlyMnlaaXhpWHNMbWQrCkt6OVhSS1pzYnUweGF5SVNzRGhybXRTejdQNDZjZXhwQW9JQkFGd1dHYkdpYVpFRHM2b0hxQWZtU1dJL3ZGZ1EKdHliK2U4MVUrMHZuZDR2UHpzR3pnT3F3WGxoSkRCQVM3aEJlNU9Sc3NiTzFWdGdFay9JSzV1WW0yZWNobm5GZgpGTExmQk5PSHRNb0Y3eDRCQXlyRitlemY4dmRPWFZLNk5mZ3Frb2wwWkNGb1ZMSmpxWXhBOXFkMGlsdUl6NVN1Ckw3TEZtSE5Ka21rc2xLVTNZM3AzVXNCOFY4eWZlNnFlVXFLUFlRMU9uZlBsdWpRUndHNkx0blQzN1BCUDBLM1AKMVZtVjhjT2xUS1J5Ny9yNE92Q0p6U0xpamY1dzEzZE5TY1EyMzNtakFHTFhJMDNhOERQeWhzMjFtNlF0cUd2UwprZm14b0JkVC9XT2lIL3hWRER0VUtWWWN2cStOa0dvb2REcngycjdvRFo1MW10b3R1VnN3eHhvcTBtYz0KLS0tLS1FTkQgUlNBIFBSSVZBVEUgS0VZLS0tLS0K\n    token: e8125d52c523f54f67b35af561cf4334\n"
                }
            },
            "resources": {
                "azurerm_kubernetes_cluster.test1": {
                    "type": "azurerm_kubernetes_cluster",
                    "depends_on": [
                        "azurerm_resource_group.test"
                    ],
                    "primary": {
                        "id": "/subscriptions/249a395b-690a-486f-a3ab-883be039bf47/resourcegroups/acctestRG1/providers/Microsoft.ContainerService/managedClusters/acctestaks1",
                        "attributes": {
                            "addon_profile.#": "1",
                            "addon_profile.0.aci_connector_linux.#": "0",
                            "addon_profile.0.http_application_routing.#": "0",
                            "addon_profile.0.oms_agent.#": "0",
                            "agent_pool_profile.#": "1",
                            "agent_pool_profile.0.count": "1",
                            "agent_pool_profile.0.dns_prefix": "",
                            "agent_pool_profile.0.fqdn": "acctestagent1-94a61674.hcp.eastus.azmk8s.io",
                            "agent_pool_profile.0.max_pods": "110",
                            "agent_pool_profile.0.name": "default",
                            "agent_pool_profile.0.os_disk_size_gb": "30",
                            "agent_pool_profile.0.os_type": "Linux",
                            "agent_pool_profile.0.type": "AvailabilitySet",
                            "agent_pool_profile.0.vm_size": "Standard_D1_v2",
                            "agent_pool_profile.0.vnet_subnet_id": "",
                            "api_server_authorized_ip_ranges.#": "0",
                            "dns_prefix": "acctestagent1",
                            "fqdn": "acctestagent1-94a61674.hcp.eastus.azmk8s.io",
                            "id": "/subscriptions/249a395b-690a-486f-a3ab-883be039bf47/resourcegroups/acctestRG1/providers/Microsoft.ContainerService/managedClusters/acctestaks1",
                            "kube_admin_config.#": "0",
                            "kube_admin_config_raw": "",
                            "kube_config.#": "1",
                            "kube_config.0.client_certificate": "LS0tLS1CRUdJTiBDRVJUSUZJQ0FURS0tLS0tCk1JSUUvRENDQXVTZ0F3SUJBZ0lRQkFIdVFZOW9MODU4VUVwZFN1TlNaVEFOQmdrcWhraUc5dzBCQVFzRkFEQU4KTVFzd0NRWURWUVFERXdKallUQWVGdzB4T1RBMk1UY3lNRFExTXpCYUZ3MHlNVEEyTVRZeU1EVTFNekJhTURBeApGekFWQmdOVkJBb1REbk41YzNSbGJUcHRZWE4wWlhKek1SVXdFd1lEVlFRREV3eHRZWE4wWlhKamJHbGxiblF3CmdnSWlNQTBHQ1NxR1NJYjNEUUVCQVFVQUE0SUNEd0F3Z2dJS0FvSUNBUUR2QkcxNUlZYjR1STJuZk5lOThQb3YKalp4TDZzdy9kT0JJdjhUamFUTlBFOHhFaGNsbDAyS0w0YlB3aGgrU2k2V2x2VFZPTDRkck8xWjZqYzV4VUl1RwpjN0F2VTVZUUZMZEE3NTFKckZMOVJzck43eHRPbmVlRkZ6blB6eWVoUWRWdkMrcEZ0UDZINjl1aThrNm1CZnNBCjZQbnN0VVFUSUFJTkZFMVdGcklIeTdaZjZVVE4vYUVzSXNuaHF2ZjNCOHY5bXh5aEVRSURzRlFwNjRkTERtdXIKN1hUVzQ0SGd6ODNlcUoxZTJ3bHZDUFdjblp2dk02eWRaMUpnRjN6M1VKM29abm5aLzBERXE4VlFGWDIzMmlULwpsSVpaUDhzWjZyaVdHdlBGVFBXR2ttTnM3ZU9UbDVYUVI3am54RzZwMkMxalZFdnJ3RUs4RnVJd2RWNVR0ZnVXCmV3V1ArTHQvU1VPV0Y3REp0RE44ZFlvNFZRNnFCOHpBMTMySUUrcWk3ampsZFlLeERFTnNCWXhoTWFpWXNWaEMKeEIzZ21XOVFkUlRVb285QTA2ZkpheXlLVEVEQnMwYkNNV3RtOGJINnlhZWlybCtsYzdsVXhxYk1EV0U5aDFvRgprQi8zcXFTaDVkT0lPaWYycGoyUG5kT3VtL1cxcGd0VVBKY0RNbWdUK0J4bGVHQzIxNXNpS1VkUmk3amZtOEZXCll6QzB1UlBhWThzMXRaeHBOSlQ2aVV4VElYUFVmRGNLbmF2dkpueCtEWjU2OFJDZXYxRmh4cCs5UllFaTE0UjIKRzJUWGFGbFpNZUhpNDd0RXM4cFdPcjJDdEhYbU94TnE0UkhWOW5ZRkNlS0NyYUJCckxxUTlud0V3NWt1dmNnVgpzY05OdFdxREVTTXQxM2RMc3drd3p3SURBUUFCb3pVd016QU9CZ05WSFE4QkFmOEVCQU1DQmFBd0V3WURWUjBsCkJBd3dDZ1lJS3dZQkJRVUhBd0l3REFZRFZSMFRBUUgvQkFJd0FEQU5CZ2txaGtpRzl3MEJBUXNGQUFPQ0FnRUEKdDM2aVFZd1BJY1BGUVYxOTFRdVduYWFoMHRWS3ZzcDBaaHQvWFNlNmNaU2xWQWRuVlc2SW5vTVEyK3ZBMmF0Rgp5cFJYU0FkSSt6cnZxVjh0MHA3MlQ1UThrLzZxTGpqQko3aUFpcVg0VjNFNDZpcGhISkZ5SDF1bTBrYWo2WkVnCml4aE9GMDB2Q0dUZWRYNTZpczBSYmFpOFR4RGpyZjdFM3FVcktVS1N4NjdobXdDT1FJZTIzdnUwTXRtK0UxYlMKMVdDcjlQNHI0bkZVU3dHR25nYWpzclFhVCtEdkhweWwyYVdrRmdtYjRSR01aOTI3SktiVUpwVW40QlZ2QmFzSgpOV2M3a01CdzNNcEtYaHBmeEZjL3RXbjMraFVzSlF5MVVNeWlJVjZnMEZra2NRZm9jak01NUhVM3VpOFNuY1BXCnR0N3hRcXk0Y1YwbFd1U3BORDNsUFNCZ2dqaFhsdWdNcjhzemhsdDM0emNONTUvRGR0bDNsMGREc2RCWGpxSUoKNVJmeDFaM0ZWV0EvaHV6RGlXUllTNUE0VU1CUGJMSDZ4T0Y4QkdjSHBHc2NTcWZQWHdMY1NtblRnRXhNTnFCSgp1MHFRVU9JcGtuU3lRZkNlbjFZQkZBRlVwaHljRjM5alphS2pTeEE2MlJ1Y3NSdkZLOGhvVUJ3Rm1PVVloK0liCmtMRjVJS00zN1ZzVkdhY0tYQU92KzJtSGpULzBabGJjL3BVS3piNnlsSXRFY0dqbnZSVWJ1d0xZbncvQ1RYckcKeXpYaUp3UlFZcU1WNjNqV1BFZWJTaWlTUDJxcktIQjlnNmdCVURYVDBrVGcvbW5IVHk1ZjJmZ2pjd1NzcFRtSwpxY1RGMHordzZ2R3ZpR1E4UVdwdkNQMjE5YUc4V1h2N2RNcjhXUS9lZTF3PQotLS0tLUVORCBDRVJUSUZJQ0FURS0tLS0tCg==",
                            "kube_config.0.client_key": "LS0tLS1CRUdJTiBSU0EgUFJJVkFURSBLRVktLS0tLQpNSUlKS0FJQkFBS0NBZ0VBN3dSdGVTR0crTGlOcDN6WHZmRDZMNDJjUytyTVAzVGdTTC9FNDJrelR4UE1SSVhKClpkTmlpK0d6OElZZmtvdWxwYjAxVGkrSGF6dFdlbzNPY1ZDTGhuT3dMMU9XRUJTM1FPK2RTYXhTL1ViS3plOGIKVHAzbmhSYzV6ODhub1VIVmJ3dnFSYlQraCt2Ym92Sk9wZ1g3QU9qNTdMVkVFeUFDRFJSTlZoYXlCOHUyWCtsRQp6ZjJoTENMSjRhcjM5d2ZML1pzY29SRUNBN0JVS2V1SFN3NXJxKzEwMXVPQjRNL04zcWlkWHRzSmJ3ajFuSjJiCjd6T3NuV2RTWUJkODkxQ2Q2R1o1MmY5QXhLdkZVQlY5dDlvay81U0dXVC9MR2VxNGxocnp4VXoxaHBKamJPM2oKazVlVjBFZTQ1OFJ1cWRndFkxUkw2OEJDdkJiaU1IVmVVN1g3bG5zRmovaTdmMGxEbGhld3liUXpmSFdLT0ZVTwpxZ2ZNd05kOWlCUHFvdTQ0NVhXQ3NReERiQVdNWVRHb21MRllRc1FkNEpsdlVIVVUxS0tQUU5PbnlXc3Npa3hBCndiTkd3akZyWnZHeCtzbW5vcTVmcFhPNVZNYW16QTFoUFlkYUJaQWY5NnFrb2VYVGlEb245cVk5ajUzVHJwdjEKdGFZTFZEeVhBekpvRS9nY1pYaGd0dGViSWlsSFVZdTQzNXZCVm1Nd3RMa1QybVBMTmJXY2FUU1Urb2xNVXlGegoxSHczQ3Aycjd5WjhmZzJlZXZFUW5yOVJZY2FmdlVXQkl0ZUVkaHRrMTJoWldUSGg0dU83UkxQS1ZqcTlnclIxCjVqc1RhdUVSMWZaMkJRbmlncTJnUWF5NmtQWjhCTU9aTHIzSUZiSERUYlZxZ3hFakxkZDNTN01KTU04Q0F3RUEKQVFLQ0FnQnRJMk50YlI2NVVXUDFOMjgzbnVKT2RtWUkwRVRGTVBQOG8vd2VMdm9yd0ltRVBHYXk1U3ZaWFkwUgpaZHppeUhzeHk4eWNUOTJRM0Q1bnBYcS9pUnk4bnZTekY0S3RBeGlPUVJ0YithREhYOXpZM2JabFZuclI3Y0lMCkhyY2t6ZS9NVGUrQ050d0dhbThXMzNlRUhiVDRQR2xxYVhhVkdRZDJ1Mjk0d05JMzl3L21pWmhPU3VLZVNhQlAKT0FjVHVHNnY5WFRFSXdUOWREVnFFczdyT2NGMmR1M2o5V3hubjl1TU1RZnl1U2Q4bU9XMXhzM2VFb1ZlTmtDSgorZytveWhuZ2RYSnNWVDVZejJwQVlCL1FwSDVDYWFwUzlHc2tBV2FadStMVms0ZUZGRERzRzAvUUkrWlhmWGh6CjgrRG9FdnJlb1M0dGp0T3FHUFRkVmFwbHBQSWthVVd3Nm85U0lpUWd2dnkxQ1Q2SEMrWHNGK1ZjTjdJUml0VEoKWXJQZDAxWGM2OWNaOHJwQitKZGhpaDd3YnZOR09jR21LNVlWMi9WZk0yRUFHdWU4MGlJby9wclovNjhoRi9YUwoxWk1tcG5aZEI3YjdhSDNKVUJoUUtrd1d6NkYwL1p1M0VSUU5oNjZ5U0lUU2FTQTdWV1lyelh2WkkvQjNnRnA2Cms5NGkremdMUEVEc0hoT0p1eTRwemJnY2FWeFFxMUVEMThPZHA5ZDkrSnpPUE51bmJKbXl6UzBwZ0lXeWEyTDQKdklsOFM5a2pqRWZuZFhyYU56QXB3VkIweURmRW1FWWtnRUJ4Tzk3dDBrcmpBYk1qSDJ2WDZiRkhSWlIwS0RPcQpsTk1VYUg5YnYwY0pOb2VDWmdwRmU2V3dyU3gzVDdpTEFMcFBhcFFPWjhvblhTVTBPUUtDQVFFQTh0N2RkZ2R6Cmk2VEZjM2VDc25mSTljeXJuR1RFK3piT1JvVGM3azgzVldwdzhsU0ZDaXdJcXhjVDdjNVFiTFpQSmJpN0JMTjIKZmYvR2Z0Qy9TeklsZTFtZXBJWUxSOGVHdzQvSm9xTDdlc2dxQkZNK2pPTmhTcjE4NWVhVjY0L1RHV3pjRE5lNQp3WXFRbHgxOEVlL0VJSXhtd3NBZWpCSmpVa3VsWUNrYm93aEZIM1BQSFZJbjRTQ2l3YnVwNjBuTlVaR1l2ZVBTCk80bVNMblc0Y0E2a0dmSS9hSHBVMVllaUV0MVhKZzNVS05ISVFUQXBhSEtybG5nNjJxOXRYMW1oeEhMUFJ1YloKZ1FrYno5dVBVTVRPckVhVVlCbmRoTXhHWE95VW5FTkE2TEc5MjV1czhtSVU2Q2NNOHF5MFo2dmZ0SnFsTFRIQQorZmw4ZmNYci9ndlFIUUtDQVFFQSsvQThnUzIwaFhrM3pVaFRMaml6UTYyUnplMURIY3VlS0dEbjdJdUROdm96CnB5L2VGOTZ5MC9kbzBNVTkwdC9jVXU5YmhEaVRUN1VKSXlLVE1OZnJXa3ZPWWdrTk1jVEdmbkFJTnJoMHNOTUoKZ09pZ0JId1lFS1dkREZ2RmNQWnRvdGd5QTdIVm4zOHBhanBuS1Jsa3JwRUE1Z2t0WnJITDF6RWZCdE5qSGl5WQo5MlJHU3FQdTMwdjdRcnNzdW43UzVBS3RJN3Vxdm8yU2M2cFhJbHFXSFRlSngxMHNKSVBPTW41SDd3ZXpVWFU3CkxJcDF3VmJmdGwyNG45dE1RZmZzQXB0UWdqNlJSdEYxR3JxTFZkaWFCWGcyR1ZzZ3BqdEp2YUJPNkVsYmJwcXEKWmVFcEJPY0Q4V2xGd0JQNDVXUlpSRmdKWjBpS1Z4OVpxbkhUL1I1STJ3S0NBUUFhWHZDVS9FSWppNFNWQVFrRAo3OVcyT3I3M2dFbVRMV1JBYS9UQk80QzZtWkFoLytOaU0xM05sZmZuL2xybE12WnRGaDNZYU5RWTRramZSRE5CCkt2Uys3QUE1eFFROGl3R3JBbFhXZnZQblpReUs0NjhMQlRWdk5CdjNxbzNrd2YwZDZhQUxGUEZxZm0wc3UxcloKWjd0WC9XYTdCcmxLWkVTOGp0SXFHc3lSYXpoMkxkRHpVaFJhY1h5NnBISFN4blN3d3FwZkUvbWoxVkEyRXpvdgprS2RvMmREZ3UwZXkxOE5WWVFzeGFwYjZ4NnlDeDRQM2YxdjZQcHZGV3Y3NU4zWkZLbUl2UkttaFJTZnI3ZDhsCjJmakc0L01BYkU2Tk9ORDdEZ1VrNG5pTnk1N2QxWTExMUFpSkhKUmZWVGxSZUd3VjVDVERQMy9BcE1KTHRjM20KQzhwUkFvSUJBUUNqM3dzNzZ3SzBucmdSS3E0UUxvbEx5Q1pDajhWTUtCbGpva1M0czdaUm1FVG94bFhycU1zZwozSmlzMHQ3M3Z1eU1kV3hOZ0k4eEZVd3dNbGtUT0I2NXlQMGcvMG81eVFoalRYUEtSQWlDeTRJdSt5QzZTZzFOCkpxd1VVYzBIUVFMbkhVREs3bTFKSldsRzAxNHVlWG5ub2lHM2Z0aXRKNUN6RkJ4ZVVEajBjNFc3eE5tRHkwV2cKc01kcURGMTNvTzZEcU1uOXFCL1RlanA4U1p3TG1HaHo4S0FKc1N6NVExSm52WVFFa2ptdERsZkREUHl6R1ZMQwpTQXZDenQyM093K2tVbW4zamNMcEVXemVTZUEvb25mc2Z0aVJmWmlyQjMxYmZsNVU4UUlyMnlaaXhpWHNMbWQrCkt6OVhSS1pzYnUweGF5SVNzRGhybXRTejdQNDZjZXhwQW9JQkFGd1dHYkdpYVpFRHM2b0hxQWZtU1dJL3ZGZ1EKdHliK2U4MVUrMHZuZDR2UHpzR3pnT3F3WGxoSkRCQVM3aEJlNU9Sc3NiTzFWdGdFay9JSzV1WW0yZWNobm5GZgpGTExmQk5PSHRNb0Y3eDRCQXlyRitlemY4dmRPWFZLNk5mZ3Frb2wwWkNGb1ZMSmpxWXhBOXFkMGlsdUl6NVN1Ckw3TEZtSE5Ka21rc2xLVTNZM3AzVXNCOFY4eWZlNnFlVXFLUFlRMU9uZlBsdWpRUndHNkx0blQzN1BCUDBLM1AKMVZtVjhjT2xUS1J5Ny9yNE92Q0p6U0xpamY1dzEzZE5TY1EyMzNtakFHTFhJMDNhOERQeWhzMjFtNlF0cUd2UwprZm14b0JkVC9XT2lIL3hWRER0VUtWWWN2cStOa0dvb2REcngycjdvRFo1MW10b3R1VnN3eHhvcTBtYz0KLS0tLS1FTkQgUlNBIFBSSVZBVEUgS0VZLS0tLS0K",
                            "kube_config.0.cluster_ca_certificate": "LS0tLS1CRUdJTiBDRVJUSUZJQ0FURS0tLS0tCk1JSUV4ekNDQXErZ0F3SUJBZ0lRQ01CZGlHZm9OT0kyZEFaVFZ0eDZjakFOQmdrcWhraUc5dzBCQVFzRkFEQU4KTVFzd0NRWURWUVFERXdKallUQWVGdzB4T1RBMk1UY3lNRFExTXpCYUZ3MDBPVEEyTURreU1EVTFNekJhTUEweApDekFKQmdOVkJBTVRBbU5oTUlJQ0lqQU5CZ2txaGtpRzl3MEJBUUVGQUFPQ0FnOEFNSUlDQ2dLQ0FnRUF3azQwCm81eWFDZkx1VHRKQ1lnaitscy9PbDJOWGtaOCtWSFhta3BtaWFBL2xsMWpVOXN4NWtoT2tmZnk1Vk1zekMxSzEKWDlLTk1JQ1dXYXdvVldCaU56Q0gwMmpZUHRmaFVQcnI4d0l4cUordjJnYXdISS80UzllVkQ3YkVsL0J2NjdDdwpYakRHNW1PQ3l6cHFaS2VWdWVRYjJjb1FWLy95ZXl2bUZMRHBMajBxa0hTT2RPa1V6L3QvYzIvNkJWMTZVa2x0Cnc3dlpPWnc5cmR1c2I4a2pXN1p3N1ZBbzBUcm5WVVpqbkpNL1M5MWlOZkJrYk45YTJFVzZVVVlLL3prcU5EMSsKWW00eWZTazhQQnBzdjhPNXlWSXZPNFVBL3c5aXJEc1dIa3dlcVNEQWFQcXdERkFyQXhRZlR4dHBSMzFMMlA1QQpsbjBjZmlJVEd6d2YvWmhiUEtZdWtHSlVpKzNndm1rYzB6UXdhRUZkQlFreEpaWE0wU1lZMnpVeXlUbjRlRjlKCkFYZ2o2RWdxMk1QSktiRFNWSGhzRFV4YVJSUW9nQ285T0ZjZ1U4UWZFMnZveXd3Z2c3Rll5akw2TEJIV1FvMVIKQU9HWUxLcm1LbGNnNnhLZXVUMERPd2xmSHFkRXNtS1lFR2J1bDFSWG4yTjRyK2hOWGlKc1RBKzFXY0YrOUgwSgovNVFaK1czb3ZreWgzelZRa1NRNzlrREtMZzZvbW0zYmp4Uk91aFo3Z3BJQ0tjRklKbHFHNzhCamRnSFhNcjNOClY1ZlhxRDVWaW52QmdCdGNpaitxL2JBenNLTndCbXliYXM1dHJWSHc4cE9kYjFwVjRIVzVLS3BwdFJzYzNsVWUKNk9vdW1GVmxlT3dFbE1QSUEzcTh1SmNvR1hmb3VwNldSWGthNjdzQ0F3RUFBYU1qTUNFd0RnWURWUjBQQVFILwpCQVFEQWdLa01BOEdBMVVkRXdFQi93UUZNQU1CQWY4d0RRWUpLb1pJaHZjTkFRRUxCUUFEZ2dJQkFIdVkyc0dOCkdnMHVxeWg0VG9ldzVzNng3bXVFaEFRUzZRWTMrVWsrQ3c1Q3NoazFwMzBXb3pFY3p1YmNpMFBlRWJ3RFEzc2wKTUhYN1NQM2xpd2hlZVdvaGZjTERYM2NVRU4wVW9qcUZreVhhQVBVUWh0bmRZQlhoeGZ1T2kwWUt1K3k2V00vVgpYS25SckJja0RKS2c3VTIyRUs4Y01RTnFjb0FiaHViS1orR0hDQm1DQW1FNVhsakcyZ1A1T2VLZmNHTERnWC9OCk5tSlBwYVh6WHhaZHAwcUE2dGZ5Yll3R0hDTEI3TVFUQkFHYUZvMEVORjBlMFNTMlRsSVRvR0xSZjR6bEFQUnYKR1RhMEZ4WXhlSkprZGR1YmFaYVJLdlB5S2hFRmx3ODd4QzRqbFBFWmFZYVhHakVSNEJTaUxHdHcvL2VZRC83RgppT1I1UjJaRHpIRmpvYUswcUhrTzJvRERGM3U3MnViRUMxV2k4ckZ0K0RkTEpDcmw2Q2ExY2FpdVFXVWRXdjJECnhDT29lemZ5aDlJZTFhaUFyZFhVNThrZXZQRHFEbUN1cjMyd0daYUZlM1QvazQ2NE1nTnVJaUR0UGw3eERuTGEKclFrZDZ1UmRXNlNacEFuVk9tNmlNT2h3UStUTEpMT0dKYmErZXZVeVgwNG1hTG9xKzV6cDREY09xWVhwNlJkTQpEUzRLYStwYnRqNUhDVWNDMkdkUGwwNFJDbXNsZFJud2p3NFVjNnoza2FMNGRlcmJBdXRvMGFuRUdWN1Y3MW1IClRrZUxWWDhkS05Bbnpqc2Mra0twZWR2RGN5Ri9wclEvZTVDTTRFMzMzTWpWaXJzK3RkcmVkVTFCVkRmdVBGN1YKdHVDSWp6WkFFN1ZSejZGc3ExT2QyaGZPSGxhMnBHeGtxRXF1Ci0tLS0tRU5EIENFUlRJRklDQVRFLS0tLS0K",
                            "kube_config.0.host": "https://acctestagent1-94a61674.hcp.eastus.azmk8s.io:443",
                            "kube_config.0.password": "e8125d52c523f54f67b35af561cf4334",
                            "kube_config.0.username": "clusterUser_acctestRG1_acctestaks1",
                            "kube_config_raw": "apiVersion: v1\nclusters:\n- cluster:\n    certificate-authority-data: LS0tLS1CRUdJTiBDRVJUSUZJQ0FURS0tLS0tCk1JSUV4ekNDQXErZ0F3SUJBZ0lRQ01CZGlHZm9OT0kyZEFaVFZ0eDZjakFOQmdrcWhraUc5dzBCQVFzRkFEQU4KTVFzd0NRWURWUVFERXdKallUQWVGdzB4T1RBMk1UY3lNRFExTXpCYUZ3MDBPVEEyTURreU1EVTFNekJhTUEweApDekFKQmdOVkJBTVRBbU5oTUlJQ0lqQU5CZ2txaGtpRzl3MEJBUUVGQUFPQ0FnOEFNSUlDQ2dLQ0FnRUF3azQwCm81eWFDZkx1VHRKQ1lnaitscy9PbDJOWGtaOCtWSFhta3BtaWFBL2xsMWpVOXN4NWtoT2tmZnk1Vk1zekMxSzEKWDlLTk1JQ1dXYXdvVldCaU56Q0gwMmpZUHRmaFVQcnI4d0l4cUordjJnYXdISS80UzllVkQ3YkVsL0J2NjdDdwpYakRHNW1PQ3l6cHFaS2VWdWVRYjJjb1FWLy95ZXl2bUZMRHBMajBxa0hTT2RPa1V6L3QvYzIvNkJWMTZVa2x0Cnc3dlpPWnc5cmR1c2I4a2pXN1p3N1ZBbzBUcm5WVVpqbkpNL1M5MWlOZkJrYk45YTJFVzZVVVlLL3prcU5EMSsKWW00eWZTazhQQnBzdjhPNXlWSXZPNFVBL3c5aXJEc1dIa3dlcVNEQWFQcXdERkFyQXhRZlR4dHBSMzFMMlA1QQpsbjBjZmlJVEd6d2YvWmhiUEtZdWtHSlVpKzNndm1rYzB6UXdhRUZkQlFreEpaWE0wU1lZMnpVeXlUbjRlRjlKCkFYZ2o2RWdxMk1QSktiRFNWSGhzRFV4YVJSUW9nQ285T0ZjZ1U4UWZFMnZveXd3Z2c3Rll5akw2TEJIV1FvMVIKQU9HWUxLcm1LbGNnNnhLZXVUMERPd2xmSHFkRXNtS1lFR2J1bDFSWG4yTjRyK2hOWGlKc1RBKzFXY0YrOUgwSgovNVFaK1czb3ZreWgzelZRa1NRNzlrREtMZzZvbW0zYmp4Uk91aFo3Z3BJQ0tjRklKbHFHNzhCamRnSFhNcjNOClY1ZlhxRDVWaW52QmdCdGNpaitxL2JBenNLTndCbXliYXM1dHJWSHc4cE9kYjFwVjRIVzVLS3BwdFJzYzNsVWUKNk9vdW1GVmxlT3dFbE1QSUEzcTh1SmNvR1hmb3VwNldSWGthNjdzQ0F3RUFBYU1qTUNFd0RnWURWUjBQQVFILwpCQVFEQWdLa01BOEdBMVVkRXdFQi93UUZNQU1CQWY4d0RRWUpLb1pJaHZjTkFRRUxCUUFEZ2dJQkFIdVkyc0dOCkdnMHVxeWg0VG9ldzVzNng3bXVFaEFRUzZRWTMrVWsrQ3c1Q3NoazFwMzBXb3pFY3p1YmNpMFBlRWJ3RFEzc2wKTUhYN1NQM2xpd2hlZVdvaGZjTERYM2NVRU4wVW9qcUZreVhhQVBVUWh0bmRZQlhoeGZ1T2kwWUt1K3k2V00vVgpYS25SckJja0RKS2c3VTIyRUs4Y01RTnFjb0FiaHViS1orR0hDQm1DQW1FNVhsakcyZ1A1T2VLZmNHTERnWC9OCk5tSlBwYVh6WHhaZHAwcUE2dGZ5Yll3R0hDTEI3TVFUQkFHYUZvMEVORjBlMFNTMlRsSVRvR0xSZjR6bEFQUnYKR1RhMEZ4WXhlSkprZGR1YmFaYVJLdlB5S2hFRmx3ODd4QzRqbFBFWmFZYVhHakVSNEJTaUxHdHcvL2VZRC83RgppT1I1UjJaRHpIRmpvYUswcUhrTzJvRERGM3U3MnViRUMxV2k4ckZ0K0RkTEpDcmw2Q2ExY2FpdVFXVWRXdjJECnhDT29lemZ5aDlJZTFhaUFyZFhVNThrZXZQRHFEbUN1cjMyd0daYUZlM1QvazQ2NE1nTnVJaUR0UGw3eERuTGEKclFrZDZ1UmRXNlNacEFuVk9tNmlNT2h3UStUTEpMT0dKYmErZXZVeVgwNG1hTG9xKzV6cDREY09xWVhwNlJkTQpEUzRLYStwYnRqNUhDVWNDMkdkUGwwNFJDbXNsZFJud2p3NFVjNnoza2FMNGRlcmJBdXRvMGFuRUdWN1Y3MW1IClRrZUxWWDhkS05Bbnpqc2Mra0twZWR2RGN5Ri9wclEvZTVDTTRFMzMzTWpWaXJzK3RkcmVkVTFCVkRmdVBGN1YKdHVDSWp6WkFFN1ZSejZGc3ExT2QyaGZPSGxhMnBHeGtxRXF1Ci0tLS0tRU5EIENFUlRJRklDQVRFLS0tLS0K\n    server: https://acctestagent1-94a61674.hcp.eastus.azmk8s.io:443\n  name: acctestaks1\ncontexts:\n- context:\n    cluster: acctestaks1\n    user: clusterUser_acctestRG1_acctestaks1\n  name: acctestaks1\ncurrent-context: acctestaks1\nkind: Config\npreferences: {}\nusers:\n- name: clusterUser_acctestRG1_acctestaks1\n  user:\n    client-certificate-data: LS0tLS1CRUdJTiBDRVJUSUZJQ0FURS0tLS0tCk1JSUUvRENDQXVTZ0F3SUJBZ0lRQkFIdVFZOW9MODU4VUVwZFN1TlNaVEFOQmdrcWhraUc5dzBCQVFzRkFEQU4KTVFzd0NRWURWUVFERXdKallUQWVGdzB4T1RBMk1UY3lNRFExTXpCYUZ3MHlNVEEyTVRZeU1EVTFNekJhTURBeApGekFWQmdOVkJBb1REbk41YzNSbGJUcHRZWE4wWlhKek1SVXdFd1lEVlFRREV3eHRZWE4wWlhKamJHbGxiblF3CmdnSWlNQTBHQ1NxR1NJYjNEUUVCQVFVQUE0SUNEd0F3Z2dJS0FvSUNBUUR2QkcxNUlZYjR1STJuZk5lOThQb3YKalp4TDZzdy9kT0JJdjhUamFUTlBFOHhFaGNsbDAyS0w0YlB3aGgrU2k2V2x2VFZPTDRkck8xWjZqYzV4VUl1RwpjN0F2VTVZUUZMZEE3NTFKckZMOVJzck43eHRPbmVlRkZ6blB6eWVoUWRWdkMrcEZ0UDZINjl1aThrNm1CZnNBCjZQbnN0VVFUSUFJTkZFMVdGcklIeTdaZjZVVE4vYUVzSXNuaHF2ZjNCOHY5bXh5aEVRSURzRlFwNjRkTERtdXIKN1hUVzQ0SGd6ODNlcUoxZTJ3bHZDUFdjblp2dk02eWRaMUpnRjN6M1VKM29abm5aLzBERXE4VlFGWDIzMmlULwpsSVpaUDhzWjZyaVdHdlBGVFBXR2ttTnM3ZU9UbDVYUVI3am54RzZwMkMxalZFdnJ3RUs4RnVJd2RWNVR0ZnVXCmV3V1ArTHQvU1VPV0Y3REp0RE44ZFlvNFZRNnFCOHpBMTMySUUrcWk3ampsZFlLeERFTnNCWXhoTWFpWXNWaEMKeEIzZ21XOVFkUlRVb285QTA2ZkpheXlLVEVEQnMwYkNNV3RtOGJINnlhZWlybCtsYzdsVXhxYk1EV0U5aDFvRgprQi8zcXFTaDVkT0lPaWYycGoyUG5kT3VtL1cxcGd0VVBKY0RNbWdUK0J4bGVHQzIxNXNpS1VkUmk3amZtOEZXCll6QzB1UlBhWThzMXRaeHBOSlQ2aVV4VElYUFVmRGNLbmF2dkpueCtEWjU2OFJDZXYxRmh4cCs5UllFaTE0UjIKRzJUWGFGbFpNZUhpNDd0RXM4cFdPcjJDdEhYbU94TnE0UkhWOW5ZRkNlS0NyYUJCckxxUTlud0V3NWt1dmNnVgpzY05OdFdxREVTTXQxM2RMc3drd3p3SURBUUFCb3pVd016QU9CZ05WSFE4QkFmOEVCQU1DQmFBd0V3WURWUjBsCkJBd3dDZ1lJS3dZQkJRVUhBd0l3REFZRFZSMFRBUUgvQkFJd0FEQU5CZ2txaGtpRzl3MEJBUXNGQUFPQ0FnRUEKdDM2aVFZd1BJY1BGUVYxOTFRdVduYWFoMHRWS3ZzcDBaaHQvWFNlNmNaU2xWQWRuVlc2SW5vTVEyK3ZBMmF0Rgp5cFJYU0FkSSt6cnZxVjh0MHA3MlQ1UThrLzZxTGpqQko3aUFpcVg0VjNFNDZpcGhISkZ5SDF1bTBrYWo2WkVnCml4aE9GMDB2Q0dUZWRYNTZpczBSYmFpOFR4RGpyZjdFM3FVcktVS1N4NjdobXdDT1FJZTIzdnUwTXRtK0UxYlMKMVdDcjlQNHI0bkZVU3dHR25nYWpzclFhVCtEdkhweWwyYVdrRmdtYjRSR01aOTI3SktiVUpwVW40QlZ2QmFzSgpOV2M3a01CdzNNcEtYaHBmeEZjL3RXbjMraFVzSlF5MVVNeWlJVjZnMEZra2NRZm9jak01NUhVM3VpOFNuY1BXCnR0N3hRcXk0Y1YwbFd1U3BORDNsUFNCZ2dqaFhsdWdNcjhzemhsdDM0emNONTUvRGR0bDNsMGREc2RCWGpxSUoKNVJmeDFaM0ZWV0EvaHV6RGlXUllTNUE0VU1CUGJMSDZ4T0Y4QkdjSHBHc2NTcWZQWHdMY1NtblRnRXhNTnFCSgp1MHFRVU9JcGtuU3lRZkNlbjFZQkZBRlVwaHljRjM5alphS2pTeEE2MlJ1Y3NSdkZLOGhvVUJ3Rm1PVVloK0liCmtMRjVJS00zN1ZzVkdhY0tYQU92KzJtSGpULzBabGJjL3BVS3piNnlsSXRFY0dqbnZSVWJ1d0xZbncvQ1RYckcKeXpYaUp3UlFZcU1WNjNqV1BFZWJTaWlTUDJxcktIQjlnNmdCVURYVDBrVGcvbW5IVHk1ZjJmZ2pjd1NzcFRtSwpxY1RGMHordzZ2R3ZpR1E4UVdwdkNQMjE5YUc4V1h2N2RNcjhXUS9lZTF3PQotLS0tLUVORCBDRVJUSUZJQ0FURS0tLS0tCg==\n    client-key-data: LS0tLS1CRUdJTiBSU0EgUFJJVkFURSBLRVktLS0tLQpNSUlKS0FJQkFBS0NBZ0VBN3dSdGVTR0crTGlOcDN6WHZmRDZMNDJjUytyTVAzVGdTTC9FNDJrelR4UE1SSVhKClpkTmlpK0d6OElZZmtvdWxwYjAxVGkrSGF6dFdlbzNPY1ZDTGhuT3dMMU9XRUJTM1FPK2RTYXhTL1ViS3plOGIKVHAzbmhSYzV6ODhub1VIVmJ3dnFSYlQraCt2Ym92Sk9wZ1g3QU9qNTdMVkVFeUFDRFJSTlZoYXlCOHUyWCtsRQp6ZjJoTENMSjRhcjM5d2ZML1pzY29SRUNBN0JVS2V1SFN3NXJxKzEwMXVPQjRNL04zcWlkWHRzSmJ3ajFuSjJiCjd6T3NuV2RTWUJkODkxQ2Q2R1o1MmY5QXhLdkZVQlY5dDlvay81U0dXVC9MR2VxNGxocnp4VXoxaHBKamJPM2oKazVlVjBFZTQ1OFJ1cWRndFkxUkw2OEJDdkJiaU1IVmVVN1g3bG5zRmovaTdmMGxEbGhld3liUXpmSFdLT0ZVTwpxZ2ZNd05kOWlCUHFvdTQ0NVhXQ3NReERiQVdNWVRHb21MRllRc1FkNEpsdlVIVVUxS0tQUU5PbnlXc3Npa3hBCndiTkd3akZyWnZHeCtzbW5vcTVmcFhPNVZNYW16QTFoUFlkYUJaQWY5NnFrb2VYVGlEb245cVk5ajUzVHJwdjEKdGFZTFZEeVhBekpvRS9nY1pYaGd0dGViSWlsSFVZdTQzNXZCVm1Nd3RMa1QybVBMTmJXY2FUU1Urb2xNVXlGegoxSHczQ3Aycjd5WjhmZzJlZXZFUW5yOVJZY2FmdlVXQkl0ZUVkaHRrMTJoWldUSGg0dU83UkxQS1ZqcTlnclIxCjVqc1RhdUVSMWZaMkJRbmlncTJnUWF5NmtQWjhCTU9aTHIzSUZiSERUYlZxZ3hFakxkZDNTN01KTU04Q0F3RUEKQVFLQ0FnQnRJMk50YlI2NVVXUDFOMjgzbnVKT2RtWUkwRVRGTVBQOG8vd2VMdm9yd0ltRVBHYXk1U3ZaWFkwUgpaZHppeUhzeHk4eWNUOTJRM0Q1bnBYcS9pUnk4bnZTekY0S3RBeGlPUVJ0YithREhYOXpZM2JabFZuclI3Y0lMCkhyY2t6ZS9NVGUrQ050d0dhbThXMzNlRUhiVDRQR2xxYVhhVkdRZDJ1Mjk0d05JMzl3L21pWmhPU3VLZVNhQlAKT0FjVHVHNnY5WFRFSXdUOWREVnFFczdyT2NGMmR1M2o5V3hubjl1TU1RZnl1U2Q4bU9XMXhzM2VFb1ZlTmtDSgorZytveWhuZ2RYSnNWVDVZejJwQVlCL1FwSDVDYWFwUzlHc2tBV2FadStMVms0ZUZGRERzRzAvUUkrWlhmWGh6CjgrRG9FdnJlb1M0dGp0T3FHUFRkVmFwbHBQSWthVVd3Nm85U0lpUWd2dnkxQ1Q2SEMrWHNGK1ZjTjdJUml0VEoKWXJQZDAxWGM2OWNaOHJwQitKZGhpaDd3YnZOR09jR21LNVlWMi9WZk0yRUFHdWU4MGlJby9wclovNjhoRi9YUwoxWk1tcG5aZEI3YjdhSDNKVUJoUUtrd1d6NkYwL1p1M0VSUU5oNjZ5U0lUU2FTQTdWV1lyelh2WkkvQjNnRnA2Cms5NGkremdMUEVEc0hoT0p1eTRwemJnY2FWeFFxMUVEMThPZHA5ZDkrSnpPUE51bmJKbXl6UzBwZ0lXeWEyTDQKdklsOFM5a2pqRWZuZFhyYU56QXB3VkIweURmRW1FWWtnRUJ4Tzk3dDBrcmpBYk1qSDJ2WDZiRkhSWlIwS0RPcQpsTk1VYUg5YnYwY0pOb2VDWmdwRmU2V3dyU3gzVDdpTEFMcFBhcFFPWjhvblhTVTBPUUtDQVFFQTh0N2RkZ2R6Cmk2VEZjM2VDc25mSTljeXJuR1RFK3piT1JvVGM3azgzVldwdzhsU0ZDaXdJcXhjVDdjNVFiTFpQSmJpN0JMTjIKZmYvR2Z0Qy9TeklsZTFtZXBJWUxSOGVHdzQvSm9xTDdlc2dxQkZNK2pPTmhTcjE4NWVhVjY0L1RHV3pjRE5lNQp3WXFRbHgxOEVlL0VJSXhtd3NBZWpCSmpVa3VsWUNrYm93aEZIM1BQSFZJbjRTQ2l3YnVwNjBuTlVaR1l2ZVBTCk80bVNMblc0Y0E2a0dmSS9hSHBVMVllaUV0MVhKZzNVS05ISVFUQXBhSEtybG5nNjJxOXRYMW1oeEhMUFJ1YloKZ1FrYno5dVBVTVRPckVhVVlCbmRoTXhHWE95VW5FTkE2TEc5MjV1czhtSVU2Q2NNOHF5MFo2dmZ0SnFsTFRIQQorZmw4ZmNYci9ndlFIUUtDQVFFQSsvQThnUzIwaFhrM3pVaFRMaml6UTYyUnplMURIY3VlS0dEbjdJdUROdm96CnB5L2VGOTZ5MC9kbzBNVTkwdC9jVXU5YmhEaVRUN1VKSXlLVE1OZnJXa3ZPWWdrTk1jVEdmbkFJTnJoMHNOTUoKZ09pZ0JId1lFS1dkREZ2RmNQWnRvdGd5QTdIVm4zOHBhanBuS1Jsa3JwRUE1Z2t0WnJITDF6RWZCdE5qSGl5WQo5MlJHU3FQdTMwdjdRcnNzdW43UzVBS3RJN3Vxdm8yU2M2cFhJbHFXSFRlSngxMHNKSVBPTW41SDd3ZXpVWFU3CkxJcDF3VmJmdGwyNG45dE1RZmZzQXB0UWdqNlJSdEYxR3JxTFZkaWFCWGcyR1ZzZ3BqdEp2YUJPNkVsYmJwcXEKWmVFcEJPY0Q4V2xGd0JQNDVXUlpSRmdKWjBpS1Z4OVpxbkhUL1I1STJ3S0NBUUFhWHZDVS9FSWppNFNWQVFrRAo3OVcyT3I3M2dFbVRMV1JBYS9UQk80QzZtWkFoLytOaU0xM05sZmZuL2xybE12WnRGaDNZYU5RWTRramZSRE5CCkt2Uys3QUE1eFFROGl3R3JBbFhXZnZQblpReUs0NjhMQlRWdk5CdjNxbzNrd2YwZDZhQUxGUEZxZm0wc3UxcloKWjd0WC9XYTdCcmxLWkVTOGp0SXFHc3lSYXpoMkxkRHpVaFJhY1h5NnBISFN4blN3d3FwZkUvbWoxVkEyRXpvdgprS2RvMmREZ3UwZXkxOE5WWVFzeGFwYjZ4NnlDeDRQM2YxdjZQcHZGV3Y3NU4zWkZLbUl2UkttaFJTZnI3ZDhsCjJmakc0L01BYkU2Tk9ORDdEZ1VrNG5pTnk1N2QxWTExMUFpSkhKUmZWVGxSZUd3VjVDVERQMy9BcE1KTHRjM20KQzhwUkFvSUJBUUNqM3dzNzZ3SzBucmdSS3E0UUxvbEx5Q1pDajhWTUtCbGpva1M0czdaUm1FVG94bFhycU1zZwozSmlzMHQ3M3Z1eU1kV3hOZ0k4eEZVd3dNbGtUT0I2NXlQMGcvMG81eVFoalRYUEtSQWlDeTRJdSt5QzZTZzFOCkpxd1VVYzBIUVFMbkhVREs3bTFKSldsRzAxNHVlWG5ub2lHM2Z0aXRKNUN6RkJ4ZVVEajBjNFc3eE5tRHkwV2cKc01kcURGMTNvTzZEcU1uOXFCL1RlanA4U1p3TG1HaHo4S0FKc1N6NVExSm52WVFFa2ptdERsZkREUHl6R1ZMQwpTQXZDenQyM093K2tVbW4zamNMcEVXemVTZUEvb25mc2Z0aVJmWmlyQjMxYmZsNVU4UUlyMnlaaXhpWHNMbWQrCkt6OVhSS1pzYnUweGF5SVNzRGhybXRTejdQNDZjZXhwQW9JQkFGd1dHYkdpYVpFRHM2b0hxQWZtU1dJL3ZGZ1EKdHliK2U4MVUrMHZuZDR2UHpzR3pnT3F3WGxoSkRCQVM3aEJlNU9Sc3NiTzFWdGdFay9JSzV1WW0yZWNobm5GZgpGTExmQk5PSHRNb0Y3eDRCQXlyRitlemY4dmRPWFZLNk5mZ3Frb2wwWkNGb1ZMSmpxWXhBOXFkMGlsdUl6NVN1Ckw3TEZtSE5Ka21rc2xLVTNZM3AzVXNCOFY4eWZlNnFlVXFLUFlRMU9uZlBsdWpRUndHNkx0blQzN1BCUDBLM1AKMVZtVjhjT2xUS1J5Ny9yNE92Q0p6U0xpamY1dzEzZE5TY1EyMzNtakFHTFhJMDNhOERQeWhzMjFtNlF0cUd2UwprZm14b0JkVC9XT2lIL3hWRER0VUtWWWN2cStOa0dvb2REcngycjdvRFo1MW10b3R1VnN3eHhvcTBtYz0KLS0tLS1FTkQgUlNBIFBSSVZBVEUgS0VZLS0tLS0K\n    token: e8125d52c523f54f67b35af561cf4334\n",
                            "kubernetes_version": "1.12.8",
                            "linux_profile.#": "0",
                            "location": "eastus",
                            "name": "acctestaks1",
                            "network_profile.#": "1",
                            "network_profile.0.dns_service_ip": "10.0.0.10",
                            "network_profile.0.docker_bridge_cidr": "172.17.0.1/16",
                            "network_profile.0.network_plugin": "kubenet",
                            "network_profile.0.network_policy": "",
                            "network_profile.0.pod_cidr": "10.244.0.0/16",
                            "network_profile.0.service_cidr": "10.0.0.0/16",
                            "node_resource_group": "MC_acctestRG1_acctestaks1_eastus",
                            "resource_group_name": "acctestRG1",
                            "role_based_access_control.#": "1",
                            "role_based_access_control.0.azure_active_directory.#": "0",
                            "role_based_access_control.0.enabled": "false",
                            "service_principal.#": "1",
                            "service_principal.1657715779.client_id": "bf3aa94d-860c-4559-803a-58185df39195",
                            "service_principal.1657715779.client_secret": "",
                            "tags.%": "1",
                            "tags.Environment": "dev"
                        },
                        "meta": {},
                        "tainted": false
                    },
                    "deposed": [],
                    "provider": "module.azure-welcome-cluster.provider.azurerm"
                },
                "azurerm_resource_group.test": {
                    "type": "azurerm_resource_group",
                    "depends_on": [],
                    "primary": {
                        "id": "/subscriptions/249a395b-690a-486f-a3ab-883be039bf47/resourceGroups/acctestRG1",
                        "attributes": {
                            "id": "/subscriptions/249a395b-690a-486f-a3ab-883be039bf47/resourceGroups/acctestRG1",
                            "location": "eastus",
                            "name": "acctestRG1",
                            "tags.%": "0"
                        },
                        "meta": {},
                        "tainted": false
                    },
                    "deposed": [],
                    "provider": "module.azure-welcome-cluster.provider.azurerm"
                }
            },
            "depends_on": []
        },
        {
            "path": [
                "root",
                "vm-makes"
            ],
            "outputs": {},
            "resources": {
                "google_compute_instance.default.0": {
                    "type": "google_compute_instance",
                    "depends_on": [],
                    "primary": {
                        "id": "test1",
                        "attributes": {
                            "attached_disk.#": "0",
                            "boot_disk.#": "1",
                            "boot_disk.0.auto_delete": "true",
                            "boot_disk.0.device_name": "persistent-disk-0",
                            "boot_disk.0.disk_encryption_key_raw": "",
                            "boot_disk.0.disk_encryption_key_sha256": "",
                            "boot_disk.0.initialize_params.#": "1",
                            "boot_disk.0.initialize_params.0.image": "https://www.googleapis.com/compute/v1/projects/windows-cloud/global/images/windows-server-2016-dc-v20190514",
                            "boot_disk.0.initialize_params.0.size": "50",
                            "boot_disk.0.initialize_params.0.type": "pd-standard",
                            "boot_disk.0.source": "https://www.googleapis.com/compute/v1/projects/cops-sandbox-1/zones/us-central1-a/disks/test1",
                            "can_ip_forward": "false",
                            "cpu_platform": "Intel Haswell",
                            "deletion_protection": "false",
                            "guest_accelerator.#": "0",
                            "hostname": "",
                            "id": "test1",
                            "instance_id": "3694835958912856200",
                            "label_fingerprint": "42WmSpB8rSM=",
                            "labels.%": "0",
                            "machine_type": "n1-standard-1",
                            "metadata.%": "1",
                            "metadata.foo": "bar",
                            "metadata_fingerprint": "Ggvps22X6mw=",
                            "metadata_startup_script": "echo hi \u003e /test.txt",
                            "min_cpu_platform": "",
                            "name": "test1",
                            "network_interface.#": "1",
                            "network_interface.0.access_config.#": "1",
                            "network_interface.0.access_config.0.assigned_nat_ip": "",
                            "network_interface.0.access_config.0.nat_ip": "104.155.167.142",
                            "network_interface.0.access_config.0.network_tier": "PREMIUM",
                            "network_interface.0.access_config.0.public_ptr_domain_name": "",
                            "network_interface.0.address": "",
                            "network_interface.0.alias_ip_range.#": "0",
                            "network_interface.0.name": "nic0",
                            "network_interface.0.network": "https://www.googleapis.com/compute/v1/projects/cops-sandbox-1/global/networks/default",
                            "network_interface.0.network_ip": "10.128.15.233",
                            "network_interface.0.subnetwork": "https://www.googleapis.com/compute/v1/projects/cops-sandbox-1/regions/us-central1/subnetworks/default",
                            "network_interface.0.subnetwork_project": "cops-sandbox-1",
                            "project": "cops-sandbox-1",
                            "scheduling.#": "1",
                            "scheduling.0.automatic_restart": "true",
                            "scheduling.0.on_host_maintenance": "MIGRATE",
                            "scheduling.0.preemptible": "false",
                            "scratch_disk.#": "1",
                            "scratch_disk.0.interface": "SCSI",
                            "self_link": "https://www.googleapis.com/compute/v1/projects/cops-sandbox-1/zones/us-central1-a/instances/test1",
                            "service_account.#": "1",
                            "service_account.0.email": "759614300743-compute@developer.gserviceaccount.com",
                            "service_account.0.scopes.#": "3",
                            "service_account.0.scopes.1632638332": "https://www.googleapis.com/auth/devstorage.read_only",
                            "service_account.0.scopes.2428168921": "https://www.googleapis.com/auth/userinfo.email",
                            "service_account.0.scopes.2862113455": "https://www.googleapis.com/auth/compute.readonly",
                            "tags.#": "6",
                            "tags.1151195537": "user-vm",
                            "tags.1996459178": "bar",
                            "tags.2356372769": "foo",
                            "tags.2848440848": "jumphost-vm",
                            "tags.3702536027": "compute-vm",
                            "tags.4223134899": "server-vm",
                            "tags_fingerprint": "CdZB2thQbrg=",
                            "zone": "us-central1-a"
                        },
                        "meta": {
                            "e2bfb730-ecaa-11e6-8f88-34363bc7c4c0": {
                                "create": 360000000000,
                                "delete": 360000000000,
                                "update": 360000000000
                            },
                            "schema_version": "6"
                        },
                        "tainted": false
                    },
                    "deposed": [],
                    "provider": "module.vm-makes.provider.google"
                },
                "google_compute_instance.default.1": {
                    "type": "google_compute_instance",
                    "depends_on": [],
                    "primary": {
                        "id": "test2",
                        "attributes": {
                            "attached_disk.#": "0",
                            "boot_disk.#": "1",
                            "boot_disk.0.auto_delete": "true",
                            "boot_disk.0.device_name": "persistent-disk-0",
                            "boot_disk.0.disk_encryption_key_raw": "",
                            "boot_disk.0.disk_encryption_key_sha256": "",
                            "boot_disk.0.initialize_params.#": "1",
                            "boot_disk.0.initialize_params.0.image": "https://www.googleapis.com/compute/v1/projects/windows-cloud/global/images/windows-server-2016-dc-v20190514",
                            "boot_disk.0.initialize_params.0.size": "50",
                            "boot_disk.0.initialize_params.0.type": "pd-standard",
                            "boot_disk.0.source": "https://www.googleapis.com/compute/v1/projects/cops-sandbox-1/zones/us-central1-a/disks/test2",
                            "can_ip_forward": "false",
                            "cpu_platform": "Intel Haswell",
                            "deletion_protection": "false",
                            "guest_accelerator.#": "0",
                            "hostname": "",
                            "id": "test2",
                            "instance_id": "3765156702536020104",
                            "label_fingerprint": "42WmSpB8rSM=",
                            "labels.%": "0",
                            "machine_type": "n1-standard-1",
                            "metadata.%": "1",
                            "metadata.foo": "bar",
                            "metadata_fingerprint": "Ggvps22X6mw=",
                            "metadata_startup_script": "echo hi \u003e /test.txt",
                            "min_cpu_platform": "",
                            "name": "test2",
                            "network_interface.#": "1",
                            "network_interface.0.access_config.#": "1",
                            "network_interface.0.access_config.0.assigned_nat_ip": "",
                            "network_interface.0.access_config.0.nat_ip": "35.188.115.49",
                            "network_interface.0.access_config.0.network_tier": "PREMIUM",
                            "network_interface.0.access_config.0.public_ptr_domain_name": "",
                            "network_interface.0.address": "",
                            "network_interface.0.alias_ip_range.#": "0",
                            "network_interface.0.name": "nic0",
                            "network_interface.0.network": "https://www.googleapis.com/compute/v1/projects/cops-sandbox-1/global/networks/default",
                            "network_interface.0.network_ip": "10.128.15.234",
                            "network_interface.0.subnetwork": "https://www.googleapis.com/compute/v1/projects/cops-sandbox-1/regions/us-central1/subnetworks/default",
                            "network_interface.0.subnetwork_project": "cops-sandbox-1",
                            "project": "cops-sandbox-1",
                            "scheduling.#": "1",
                            "scheduling.0.automatic_restart": "true",
                            "scheduling.0.on_host_maintenance": "MIGRATE",
                            "scheduling.0.preemptible": "false",
                            "scratch_disk.#": "1",
                            "scratch_disk.0.interface": "SCSI",
                            "self_link": "https://www.googleapis.com/compute/v1/projects/cops-sandbox-1/zones/us-central1-a/instances/test2",
                            "service_account.#": "1",
                            "service_account.0.email": "759614300743-compute@developer.gserviceaccount.com",
                            "service_account.0.scopes.#": "3",
                            "service_account.0.scopes.1632638332": "https://www.googleapis.com/auth/devstorage.read_only",
                            "service_account.0.scopes.2428168921": "https://www.googleapis.com/auth/userinfo.email",
                            "service_account.0.scopes.2862113455": "https://www.googleapis.com/auth/compute.readonly",
                            "tags.#": "6",
                            "tags.1151195537": "user-vm",
                            "tags.1996459178": "bar",
                            "tags.2356372769": "foo",
                            "tags.2848440848": "jumphost-vm",
                            "tags.3702536027": "compute-vm",
                            "tags.4223134899": "server-vm",
                            "tags_fingerprint": "CdZB2thQbrg=",
                            "zone": "us-central1-a"
                        },
                        "meta": {
                            "e2bfb730-ecaa-11e6-8f88-34363bc7c4c0": {
                                "create": 360000000000,
                                "delete": 360000000000,
                                "update": 360000000000
                            },
                            "schema_version": "6"
                        },
                        "tainted": false
                    },
                    "deposed": [],
                    "provider": "module.vm-makes.provider.google"
                },
                "google_compute_instance.default.2": {
                    "type": "google_compute_instance",
                    "depends_on": [],
                    "primary": {
                        "id": "test3",
                        "attributes": {
                            "attached_disk.#": "0",
                            "boot_disk.#": "1",
                            "boot_disk.0.auto_delete": "true",
                            "boot_disk.0.device_name": "persistent-disk-0",
                            "boot_disk.0.disk_encryption_key_raw": "",
                            "boot_disk.0.disk_encryption_key_sha256": "",
                            "boot_disk.0.initialize_params.#": "1",
                            "boot_disk.0.initialize_params.0.image": "https://www.googleapis.com/compute/v1/projects/windows-cloud/global/images/windows-server-2016-dc-v20190514",
                            "boot_disk.0.initialize_params.0.size": "50",
                            "boot_disk.0.initialize_params.0.type": "pd-standard",
                            "boot_disk.0.source": "https://www.googleapis.com/compute/v1/projects/cops-sandbox-1/zones/us-central1-a/disks/test3",
                            "can_ip_forward": "false",
                            "cpu_platform": "Intel Haswell",
                            "deletion_protection": "false",
                            "guest_accelerator.#": "0",
                            "hostname": "",
                            "id": "test3",
                            "instance_id": "6033694012363714696",
                            "label_fingerprint": "42WmSpB8rSM=",
                            "labels.%": "0",
                            "machine_type": "n1-standard-1",
                            "metadata.%": "1",
                            "metadata.foo": "bar",
                            "metadata_fingerprint": "Ggvps22X6mw=",
                            "metadata_startup_script": "echo hi \u003e /test.txt",
                            "min_cpu_platform": "",
                            "name": "test3",
                            "network_interface.#": "1",
                            "network_interface.0.access_config.#": "1",
                            "network_interface.0.access_config.0.assigned_nat_ip": "",
                            "network_interface.0.access_config.0.nat_ip": "104.197.198.99",
                            "network_interface.0.access_config.0.network_tier": "PREMIUM",
                            "network_interface.0.access_config.0.public_ptr_domain_name": "",
                            "network_interface.0.address": "",
                            "network_interface.0.alias_ip_range.#": "0",
                            "network_interface.0.name": "nic0",
                            "network_interface.0.network": "https://www.googleapis.com/compute/v1/projects/cops-sandbox-1/global/networks/default",
                            "network_interface.0.network_ip": "10.128.15.235",
                            "network_interface.0.subnetwork": "https://www.googleapis.com/compute/v1/projects/cops-sandbox-1/regions/us-central1/subnetworks/default",
                            "network_interface.0.subnetwork_project": "cops-sandbox-1",
                            "project": "cops-sandbox-1",
                            "scheduling.#": "1",
                            "scheduling.0.automatic_restart": "true",
                            "scheduling.0.on_host_maintenance": "MIGRATE",
                            "scheduling.0.preemptible": "false",
                            "scratch_disk.#": "1",
                            "scratch_disk.0.interface": "SCSI",
                            "self_link": "https://www.googleapis.com/compute/v1/projects/cops-sandbox-1/zones/us-central1-a/instances/test3",
                            "service_account.#": "1",
                            "service_account.0.email": "759614300743-compute@developer.gserviceaccount.com",
                            "service_account.0.scopes.#": "3",
                            "service_account.0.scopes.1632638332": "https://www.googleapis.com/auth/devstorage.read_only",
                            "service_account.0.scopes.2428168921": "https://www.googleapis.com/auth/userinfo.email",
                            "service_account.0.scopes.2862113455": "https://www.googleapis.com/auth/compute.readonly",
                            "tags.#": "6",
                            "tags.1151195537": "user-vm",
                            "tags.1996459178": "bar",
                            "tags.2356372769": "foo",
                            "tags.2848440848": "jumphost-vm",
                            "tags.3702536027": "compute-vm",
                            "tags.4223134899": "server-vm",
                            "tags_fingerprint": "CdZB2thQbrg=",
                            "zone": "us-central1-a"
                        },
                        "meta": {
                            "e2bfb730-ecaa-11e6-8f88-34363bc7c4c0": {
                                "create": 360000000000,
                                "delete": 360000000000,
                                "update": 360000000000
                            },
                            "schema_version": "6"
                        },
                        "tainted": false
                    },
                    "deposed": [],
                    "provider": "module.vm-makes.provider.google"
                }
            },
            "depends_on": []
        },
        {
            "path": [
                "root",
                "vm-makes-azure"
            ],
            "outputs": {},
            "resources": {
                "azurerm_resource_group.test": {
                    "type": "azurerm_resource_group",
                    "depends_on": [],
                    "primary": {
                        "id": "/subscriptions/249a395b-690a-486f-a3ab-883be039bf47/resourceGroups/acctestRG1",
                        "attributes": {
                            "id": "/subscriptions/249a395b-690a-486f-a3ab-883be039bf47/resourceGroups/acctestRG1",
                            "location": "eastus",
                            "name": "acctestRG1",
                            "tags.%": "0"
                        },
                        "meta": {},
                        "tainted": false
                    },
                    "deposed": [],
                    "provider": "module.vm-makes-azure.provider.azurerm"
                },
                "azurerm_virtual_network.test": {
                    "type": "azurerm_virtual_network",
                    "depends_on": [
                        "azurerm_resource_group.test"
                    ],
                    "primary": {
                        "id": "/subscriptions/249a395b-690a-486f-a3ab-883be039bf47/resourceGroups/acctestRG1/providers/Microsoft.Network/virtualNetworks/virtualNetwork1",
                        "attributes": {
                            "address_space.#": "1",
                            "address_space.0": "10.0.0.0/16",
                            "ddos_protection_plan.#": "0",
                            "dns_servers.#": "2",
                            "dns_servers.0": "10.0.0.4",
                            "dns_servers.1": "10.0.0.5",
                            "id": "/subscriptions/249a395b-690a-486f-a3ab-883be039bf47/resourceGroups/acctestRG1/providers/Microsoft.Network/virtualNetworks/virtualNetwork1",
                            "location": "eastus",
                            "name": "virtualNetwork1",
                            "resource_group_name": "acctestRG1",
                            "subnet.#": "3",
                            "subnet.1472110187.address_prefix": "10.0.1.0/24",
                            "subnet.1472110187.id": "/subscriptions/249a395b-690a-486f-a3ab-883be039bf47/resourceGroups/acctestRG1/providers/Microsoft.Network/virtualNetworks/virtualNetwork1/subnets/subnet1",
                            "subnet.1472110187.name": "subnet1",
                            "subnet.1472110187.security_group": "",
                            "subnet.2796830261.address_prefix": "10.0.2.0/24",
                            "subnet.2796830261.id": "/subscriptions/249a395b-690a-486f-a3ab-883be039bf47/resourceGroups/acctestRG1/providers/Microsoft.Network/virtualNetworks/virtualNetwork1/subnets/subnet2",
                            "subnet.2796830261.name": "subnet2",
                            "subnet.2796830261.security_group": "",
                            "subnet.4132282879.address_prefix": "10.0.3.0/24",
                            "subnet.4132282879.id": "/subscriptions/249a395b-690a-486f-a3ab-883be039bf47/resourceGroups/acctestRG1/providers/Microsoft.Network/virtualNetworks/virtualNetwork1/subnets/subnet3",
                            "subnet.4132282879.name": "subnet3",
                            "subnet.4132282879.security_group": "",
                            "tags.%": "1",
                            "tags.environment": "dev"
                        },
                        "meta": {},
                        "tainted": false
                    },
                    "deposed": [],
                    "provider": "module.vm-makes-azure.provider.azurerm"
                }
            },
            "depends_on": []
        },
        {
            "path": [
                "root",
                "welcome-app"
            ],
            "outputs": {},
            "resources": {
                "kubernetes_deployment.testapp": {
                    "type": "kubernetes_deployment",
                    "depends_on": [],
                    "primary": {
                        "id": "default/testapp",
                        "attributes": {
                            "id": "default/testapp",
                            "metadata.#": "1",
                            "metadata.0.annotations.%": "0",
                            "metadata.0.generate_name": "",
                            "metadata.0.generation": "1",
                            "metadata.0.labels.%": "1",
                            "metadata.0.labels.test": "testapp",
                            "metadata.0.name": "testapp",
                            "metadata.0.namespace": "default",
                            "metadata.0.resource_version": "3408597",
                            "metadata.0.self_link": "/apis/apps/v1/namespaces/default/deployments/testapp",
                            "metadata.0.uid": "ba7b08d9-88a2-11e9-8223-42010a8001d8",
                            "spec.#": "1",
                            "spec.0.min_ready_seconds": "0",
                            "spec.0.paused": "false",
                            "spec.0.progress_deadline_seconds": "600",
                            "spec.0.replicas": "3",
                            "spec.0.revision_history_limit": "10",
                            "spec.0.selector.#": "1",
                            "spec.0.selector.0.match_expressions.#": "0",
                            "spec.0.selector.0.match_labels.%": "1",
                            "spec.0.selector.0.match_labels.test": "testapp",
                            "spec.0.strategy.#": "1",
                            "spec.0.strategy.0.rolling_update.#": "1",
                            "spec.0.strategy.0.rolling_update.0.max_surge": "25%",
                            "spec.0.strategy.0.rolling_update.0.max_unavailable": "25%",
                            "spec.0.strategy.0.type": "RollingUpdate",
                            "spec.0.template.#": "1",
                            "spec.0.template.0.metadata.#": "1",
                            "spec.0.template.0.metadata.0.annotations.%": "0",
                            "spec.0.template.0.metadata.0.generate_name": "",
                            "spec.0.template.0.metadata.0.generation": "0",
                            "spec.0.template.0.metadata.0.labels.%": "1",
                            "spec.0.template.0.metadata.0.labels.test": "testapp",
                            "spec.0.template.0.metadata.0.name": "",
                            "spec.0.template.0.metadata.0.namespace": "default",
                            "spec.0.template.0.metadata.0.resource_version": "",
                            "spec.0.template.0.metadata.0.self_link": "",
                            "spec.0.template.0.metadata.0.uid": "",
                            "spec.0.template.0.spec.#": "1",
                            "spec.0.template.0.spec.0.active_deadline_seconds": "0",
                            "spec.0.template.0.spec.0.affinity.#": "0",
                            "spec.0.template.0.spec.0.container.#": "1",
                            "spec.0.template.0.spec.0.container.0.args.#": "0",
                            "spec.0.template.0.spec.0.container.0.command.#": "0",
                            "spec.0.template.0.spec.0.container.0.env.#": "0",
                            "spec.0.template.0.spec.0.container.0.env_from.#": "0",
                            "spec.0.template.0.spec.0.container.0.image": "gcr.io/cops-sandbox-1/nodeapp:1.0",
                            "spec.0.template.0.spec.0.container.0.image_pull_policy": "IfNotPresent",
                            "spec.0.template.0.spec.0.container.0.lifecycle.#": "0",
                            "spec.0.template.0.spec.0.container.0.liveness_probe.#": "1",
                            "spec.0.template.0.spec.0.container.0.liveness_probe.0.exec.#": "0",
                            "spec.0.template.0.spec.0.container.0.liveness_probe.0.failure_threshold": "3",
                            "spec.0.template.0.spec.0.container.0.liveness_probe.0.http_get.#": "1",
                            "spec.0.template.0.spec.0.container.0.liveness_probe.0.http_get.0.host": "",
                            "spec.0.template.0.spec.0.container.0.liveness_probe.0.http_get.0.http_header.#": "0",
                            "spec.0.template.0.spec.0.container.0.liveness_probe.0.http_get.0.path": "/",
                            "spec.0.template.0.spec.0.container.0.liveness_probe.0.http_get.0.port": "8081",
                            "spec.0.template.0.spec.0.container.0.liveness_probe.0.http_get.0.scheme": "HTTP",
                            "spec.0.template.0.spec.0.container.0.liveness_probe.0.initial_delay_seconds": "3",
                            "spec.0.template.0.spec.0.container.0.liveness_probe.0.period_seconds": "3",
                            "spec.0.template.0.spec.0.container.0.liveness_probe.0.success_threshold": "1",
                            "spec.0.template.0.spec.0.container.0.liveness_probe.0.tcp_socket.#": "0",
                            "spec.0.template.0.spec.0.container.0.liveness_probe.0.timeout_seconds": "1",
                            "spec.0.template.0.spec.0.container.0.name": "testapp",
                            "spec.0.template.0.spec.0.container.0.port.#": "1",
                            "spec.0.template.0.spec.0.container.0.port.0.container_port": "8081",
                            "spec.0.template.0.spec.0.container.0.port.0.host_ip": "",
                            "spec.0.template.0.spec.0.container.0.port.0.host_port": "0",
                            "spec.0.template.0.spec.0.container.0.port.0.name": "",
                            "spec.0.template.0.spec.0.container.0.port.0.protocol": "TCP",
                            "spec.0.template.0.spec.0.container.0.readiness_probe.#": "0",
                            "spec.0.template.0.spec.0.container.0.resources.#": "1",
                            "spec.0.template.0.spec.0.container.0.resources.0.limits.#": "1",
                            "spec.0.template.0.spec.0.container.0.resources.0.limits.0.cpu": "1",
                            "spec.0.template.0.spec.0.container.0.resources.0.limits.0.memory": "512M",
                            "spec.0.template.0.spec.0.container.0.resources.0.requests.#": "1",
                            "spec.0.template.0.spec.0.container.0.resources.0.requests.0.cpu": "250m",
                            "spec.0.template.0.spec.0.container.0.resources.0.requests.0.memory": "512m",
                            "spec.0.template.0.spec.0.container.0.security_context.#": "0",
                            "spec.0.template.0.spec.0.container.0.stdin": "false",
                            "spec.0.template.0.spec.0.container.0.stdin_once": "false",
                            "spec.0.template.0.spec.0.container.0.termination_message_path": "/dev/termination-log",
                            "spec.0.template.0.spec.0.container.0.tty": "false",
                            "spec.0.template.0.spec.0.container.0.volume_mount.#": "0",
                            "spec.0.template.0.spec.0.container.0.working_dir": "",
                            "spec.0.template.0.spec.0.dns_config.#": "0",
                            "spec.0.template.0.spec.0.dns_policy": "ClusterFirst",
                            "spec.0.template.0.spec.0.host_aliases.#": "0",
                            "spec.0.template.0.spec.0.host_ipc": "false",
                            "spec.0.template.0.spec.0.host_network": "false",
                            "spec.0.template.0.spec.0.host_pid": "false",
                            "spec.0.template.0.spec.0.hostname": "",
                            "spec.0.template.0.spec.0.image_pull_secrets.#": "1",
                            "spec.0.template.0.spec.0.image_pull_secrets.0.name": "docker-key",
                            "spec.0.template.0.spec.0.init_container.#": "0",
                            "spec.0.template.0.spec.0.node_name": "",
                            "spec.0.template.0.spec.0.node_selector.%": "0",
                            "spec.0.template.0.spec.0.restart_policy": "Always",
                            "spec.0.template.0.spec.0.security_context.#": "0",
                            "spec.0.template.0.spec.0.service_account_name": "",
                            "spec.0.template.0.spec.0.subdomain": "",
                            "spec.0.template.0.spec.0.termination_grace_period_seconds": "30",
                            "spec.0.template.0.spec.0.volume.#": "0"
                        },
                        "meta": {
                            "e2bfb730-ecaa-11e6-8f88-34363bc7c4c0": {
                                "create": 600000000000,
                                "delete": 600000000000,
                                "update": 600000000000
                            }
                        },
                        "tainted": false
                    },
                    "deposed": [],
                    "provider": "module.welcome-app.provider.kubernetes"
                },
                "kubernetes_service.nodeapp": {
                    "type": "kubernetes_service",
                    "depends_on": [],
                    "primary": {
                        "id": "default/testapp",
                        "attributes": {
                            "id": "default/testapp",
                            "load_balancer_ingress.#": "0",
                            "metadata.#": "1",
                            "metadata.0.annotations.%": "0",
                            "metadata.0.generate_name": "",
                            "metadata.0.generation": "0",
                            "metadata.0.labels.%": "1",
                            "metadata.0.labels.test": "testapp",
                            "metadata.0.name": "testapp",
                            "metadata.0.namespace": "default",
                            "metadata.0.resource_version": "5230",
                            "metadata.0.self_link": "/api/v1/namespaces/default/services/testapp",
                            "metadata.0.uid": "c987581d-88a2-11e9-9a29-42010a8001ea",
                            "spec.#": "1",
                            "spec.0.cluster_ip": "10.31.246.1",
                            "spec.0.external_ips.#": "0",
                            "spec.0.external_name": "",
                            "spec.0.external_traffic_policy": "Cluster",
                            "spec.0.load_balancer_ip": "",
                            "spec.0.load_balancer_source_ranges.#": "0",
                            "spec.0.port.#": "1",
                            "spec.0.port.0.name": "",
                            "spec.0.port.0.node_port": "30091",
                            "spec.0.port.0.port": "8081",
                            "spec.0.port.0.protocol": "TCP",
                            "spec.0.port.0.target_port": "8081",
                            "spec.0.publish_not_ready_addresses": "false",
                            "spec.0.selector.%": "1",
                            "spec.0.selector.test": "testapp",
                            "spec.0.session_affinity": "None",
                            "spec.0.type": "NodePort"
                        },
                        "meta": {},
                        "tainted": false
                    },
                    "deposed": [],
                    "provider": "module.welcome-app.provider.kubernetes"
                }
            },
            "depends_on": []
        },
        {
            "path": [
                "root",
                "welcome-app-azure"
            ],
            "outputs": {},
            "resources": {
                "kubernetes_deployment.testapp": {
                    "type": "kubernetes_deployment",
                    "depends_on": [],
                    "primary": {
                        "id": "default/testapp",
                        "attributes": {
                            "id": "default/testapp",
                            "metadata.#": "1",
                            "metadata.0.annotations.%": "0",
                            "metadata.0.generate_name": "",
                            "metadata.0.generation": "1",
                            "metadata.0.labels.%": "1",
                            "metadata.0.labels.test": "testapp",
                            "metadata.0.name": "testapp",
                            "metadata.0.namespace": "default",
                            "metadata.0.resource_version": "1873",
                            "metadata.0.self_link": "/apis/apps/v1/namespaces/default/deployments/testapp",
                            "metadata.0.uid": "1a7b701c-9145-11e9-aaf8-3ec00b216a0c",
                            "spec.#": "1",
                            "spec.0.min_ready_seconds": "0",
                            "spec.0.paused": "false",
                            "spec.0.progress_deadline_seconds": "600",
                            "spec.0.replicas": "3",
                            "spec.0.revision_history_limit": "10",
                            "spec.0.selector.#": "1",
                            "spec.0.selector.0.match_expressions.#": "0",
                            "spec.0.selector.0.match_labels.%": "1",
                            "spec.0.selector.0.match_labels.test": "testapp",
                            "spec.0.strategy.#": "1",
                            "spec.0.strategy.0.rolling_update.#": "1",
                            "spec.0.strategy.0.rolling_update.0.max_surge": "25%",
                            "spec.0.strategy.0.rolling_update.0.max_unavailable": "25%",
                            "spec.0.strategy.0.type": "RollingUpdate",
                            "spec.0.template.#": "1",
                            "spec.0.template.0.metadata.#": "1",
                            "spec.0.template.0.metadata.0.annotations.%": "0",
                            "spec.0.template.0.metadata.0.generate_name": "",
                            "spec.0.template.0.metadata.0.generation": "0",
                            "spec.0.template.0.metadata.0.labels.%": "1",
                            "spec.0.template.0.metadata.0.labels.test": "testapp",
                            "spec.0.template.0.metadata.0.name": "",
                            "spec.0.template.0.metadata.0.namespace": "default",
                            "spec.0.template.0.metadata.0.resource_version": "",
                            "spec.0.template.0.metadata.0.self_link": "",
                            "spec.0.template.0.metadata.0.uid": "",
                            "spec.0.template.0.spec.#": "1",
                            "spec.0.template.0.spec.0.active_deadline_seconds": "0",
                            "spec.0.template.0.spec.0.affinity.#": "0",
                            "spec.0.template.0.spec.0.container.#": "1",
                            "spec.0.template.0.spec.0.container.0.args.#": "0",
                            "spec.0.template.0.spec.0.container.0.command.#": "0",
                            "spec.0.template.0.spec.0.container.0.env.#": "0",
                            "spec.0.template.0.spec.0.container.0.env_from.#": "0",
                            "spec.0.template.0.spec.0.container.0.image": "testnode.azurecr.io/test-node:1.0",
                            "spec.0.template.0.spec.0.container.0.image_pull_policy": "IfNotPresent",
                            "spec.0.template.0.spec.0.container.0.lifecycle.#": "0",
                            "spec.0.template.0.spec.0.container.0.liveness_probe.#": "1",
                            "spec.0.template.0.spec.0.container.0.liveness_probe.0.exec.#": "0",
                            "spec.0.template.0.spec.0.container.0.liveness_probe.0.failure_threshold": "3",
                            "spec.0.template.0.spec.0.container.0.liveness_probe.0.http_get.#": "1",
                            "spec.0.template.0.spec.0.container.0.liveness_probe.0.http_get.0.host": "",
                            "spec.0.template.0.spec.0.container.0.liveness_probe.0.http_get.0.http_header.#": "0",
                            "spec.0.template.0.spec.0.container.0.liveness_probe.0.http_get.0.path": "/",
                            "spec.0.template.0.spec.0.container.0.liveness_probe.0.http_get.0.port": "8081",
                            "spec.0.template.0.spec.0.container.0.liveness_probe.0.http_get.0.scheme": "HTTP",
                            "spec.0.template.0.spec.0.container.0.liveness_probe.0.initial_delay_seconds": "3",
                            "spec.0.template.0.spec.0.container.0.liveness_probe.0.period_seconds": "3",
                            "spec.0.template.0.spec.0.container.0.liveness_probe.0.success_threshold": "1",
                            "spec.0.template.0.spec.0.container.0.liveness_probe.0.tcp_socket.#": "0",
                            "spec.0.template.0.spec.0.container.0.liveness_probe.0.timeout_seconds": "1",
                            "spec.0.template.0.spec.0.container.0.name": "testapp",
                            "spec.0.template.0.spec.0.container.0.port.#": "1",
                            "spec.0.template.0.spec.0.container.0.port.0.container_port": "8081",
                            "spec.0.template.0.spec.0.container.0.port.0.host_ip": "",
                            "spec.0.template.0.spec.0.container.0.port.0.host_port": "0",
                            "spec.0.template.0.spec.0.container.0.port.0.name": "",
                            "spec.0.template.0.spec.0.container.0.port.0.protocol": "TCP",
                            "spec.0.template.0.spec.0.container.0.readiness_probe.#": "0",
                            "spec.0.template.0.spec.0.container.0.resources.#": "1",
                            "spec.0.template.0.spec.0.container.0.resources.0.limits.#": "1",
                            "spec.0.template.0.spec.0.container.0.resources.0.limits.0.cpu": "1",
                            "spec.0.template.0.spec.0.container.0.resources.0.limits.0.memory": "512M",
                            "spec.0.template.0.spec.0.container.0.resources.0.requests.#": "1",
                            "spec.0.template.0.spec.0.container.0.resources.0.requests.0.cpu": "250m",
                            "spec.0.template.0.spec.0.container.0.resources.0.requests.0.memory": "512m",
                            "spec.0.template.0.spec.0.container.0.security_context.#": "0",
                            "spec.0.template.0.spec.0.container.0.stdin": "false",
                            "spec.0.template.0.spec.0.container.0.stdin_once": "false",
                            "spec.0.template.0.spec.0.container.0.termination_message_path": "/dev/termination-log",
                            "spec.0.template.0.spec.0.container.0.tty": "false",
                            "spec.0.template.0.spec.0.container.0.volume_mount.#": "0",
                            "spec.0.template.0.spec.0.container.0.working_dir": "",
                            "spec.0.template.0.spec.0.dns_config.#": "0",
                            "spec.0.template.0.spec.0.dns_policy": "ClusterFirst",
                            "spec.0.template.0.spec.0.host_aliases.#": "0",
                            "spec.0.template.0.spec.0.host_ipc": "false",
                            "spec.0.template.0.spec.0.host_network": "false",
                            "spec.0.template.0.spec.0.host_pid": "false",
                            "spec.0.template.0.spec.0.hostname": "",
                            "spec.0.template.0.spec.0.image_pull_secrets.#": "1",
                            "spec.0.template.0.spec.0.image_pull_secrets.0.name": "docker-key",
                            "spec.0.template.0.spec.0.init_container.#": "0",
                            "spec.0.template.0.spec.0.node_name": "",
                            "spec.0.template.0.spec.0.node_selector.%": "0",
                            "spec.0.template.0.spec.0.restart_policy": "Always",
                            "spec.0.template.0.spec.0.security_context.#": "0",
                            "spec.0.template.0.spec.0.service_account_name": "",
                            "spec.0.template.0.spec.0.subdomain": "",
                            "spec.0.template.0.spec.0.termination_grace_period_seconds": "30",
                            "spec.0.template.0.spec.0.volume.#": "0"
                        },
                        "meta": {
                            "e2bfb730-ecaa-11e6-8f88-34363bc7c4c0": {
                                "create": 600000000000,
                                "delete": 600000000000,
                                "update": 600000000000
                            }
                        },
                        "tainted": false
                    },
                    "deposed": [],
                    "provider": "module.welcome-app-azure.provider.kubernetes"
                },
                "kubernetes_service.nodeapp": {
                    "type": "kubernetes_service",
                    "depends_on": [],
                    "primary": {
                        "id": "default/testapp",
                        "attributes": {
                            "id": "default/testapp",
                            "load_balancer_ingress.#": "0",
                            "metadata.#": "1",
                            "metadata.0.annotations.%": "0",
                            "metadata.0.generate_name": "",
                            "metadata.0.generation": "0",
                            "metadata.0.labels.%": "1",
                            "metadata.0.labels.test": "testapp",
                            "metadata.0.name": "testapp",
                            "metadata.0.namespace": "default",
                            "metadata.0.resource_version": "1859",
                            "metadata.0.self_link": "/api/v1/namespaces/default/services/testapp",
                            "metadata.0.uid": "1a6f1e89-9145-11e9-aaf8-3ec00b216a0c",
                            "spec.#": "1",
                            "spec.0.cluster_ip": "10.0.21.19",
                            "spec.0.external_ips.#": "0",
                            "spec.0.external_name": "",
                            "spec.0.external_traffic_policy": "Cluster",
                            "spec.0.load_balancer_ip": "",
                            "spec.0.load_balancer_source_ranges.#": "0",
                            "spec.0.port.#": "1",
                            "spec.0.port.0.name": "",
                            "spec.0.port.0.node_port": "30091",
                            "spec.0.port.0.port": "8081",
                            "spec.0.port.0.protocol": "TCP",
                            "spec.0.port.0.target_port": "8081",
                            "spec.0.publish_not_ready_addresses": "false",
                            "spec.0.selector.%": "1",
                            "spec.0.selector.test": "testapp",
                            "spec.0.session_affinity": "None",
                            "spec.0.type": "NodePort"
                        },
                        "meta": {},
                        "tainted": false
                    },
                    "deposed": [],
                    "provider": "module.welcome-app-azure.provider.kubernetes"
                }
            },
            "depends_on": []
        },
        {
            "path": [
                "root",
                "welcome-cluster"
            ],
            "outputs": {
                "client_certificate": {
                    "sensitive": false,
                    "type": "string",
                    "value": ""
                },
                "client_key": {
                    "sensitive": false,
                    "type": "string",
                    "value": ""
                },
                "cluster_ca_certificate": {
                    "sensitive": false,
                    "type": "string",
                    "value": "LS0tLS1CRUdJTiBDRVJUSUZJQ0FURS0tLS0tCk1JSURERENDQWZTZ0F3SUJBZ0lSQU5XUkkvcEIrR0dvR2RSdElneU5laU13RFFZSktvWklodmNOQVFFTEJRQXcKTHpFdE1Dc0dBMVVFQXhNa1lXTTJNak0wTWpJdE9XUTFOeTAwTkRRd0xUZ3haVE10WldWbVlUUXlZak13T0dVMQpNQjRYRFRFNU1EWXdOakl3TVRjek1Wb1hEVEkwTURZd05ESXhNVGN6TVZvd0x6RXRNQ3NHQTFVRUF4TWtZV00yCk1qTTBNakl0T1dRMU55MDBORFF3TFRneFpUTXRaV1ZtWVRReVlqTXdPR1UxTUlJQklqQU5CZ2txaGtpRzl3MEIKQVFFRkFBT0NBUThBTUlJQkNnS0NBUUVBd2M2b1RYTkhlQzBNbEtHZ0ErekR0YysrbGg0R2tqV21LM2ZnUnA1RApaRXhkaXVicEJ5VkcwT1dWNGlZVE5rUmRMd3ZrVUdFK2VGQ1AwQWFMTkxHMlZwUjdYWkpQWGFtdGNKSnc2TDRVClhyWEpoM1lGY2w5R3ZMbTVZZVh0aW50UjlTNHJzWE5LS2lkMHB3eUREMUlMMUQ2Y0k0Z1BuUGoxNVJLckxqNkYKby84K2FCUi9WVmJyb0FiRHRWODdVWE9BM3FqUXNmT3JLMWlzekoxOUJMcU1PQmFlNmJTZEd4Nk4rbHlLNXk2RApRMlBoTDBNa1Z3cUdOc05wZVEwMUdFOVdJc0xNNDRuMWUzdWk4NHBRTEZhK3hjL2FBS3pNV0pkb3pCbTRCQXlxCmdWOGhuWk1MZHhTQ3MxQXBUcUdKVzNjcW05b2pRTVAvYUZNemZXM2huVThvRVFJREFRQUJveU13SVRBT0JnTlYKSFE4QkFmOEVCQU1DQWdRd0R3WURWUjBUQVFIL0JBVXdBd0VCL3pBTkJna3Foa2lHOXcwQkFRc0ZBQU9DQVFFQQpOK2FBVUdud1l6UmljampzbUhIWmxhVEorcm9ZdmJULytLWDZhRlcwNG9JTFVaQnh1aGxiNEdaVmNHMmdKSk5QCktRaUdraWtlaTlPY2JPa0QzSlAvdWZDVHY0TE40UWNCOXlGdWxJMjZHd0MwQ3lPUnZ3djI3WllCeGFVT2NkdjIKU1I3UVhCYW5GN1FVZVhudmtZdUtOSUo2N2JzWWl6NUQ2dmE2cjNpM01UWGxCT1FHVVRVeVhNY0Zoek4wUnUzMAozK2dxWHZBdEVsdHdSS3dhNWkrNjdKZUpTQ1NhWHJhOERqUEhHMEw2c1JsSHZXQ1JQaEthZ1BBY3A0bVVpUnZkCjZKUWdxb1RSdDcyWkdBaVl6MHZOUUY0R1NZcld1UmNDelBMWTZTRXQxNExxeGZ4d2NiODhUR1NPTGlpa09CQm8KUEdQbCtGZEpRbFB3bVZmZEhscDVaZz09Ci0tLS0tRU5EIENFUlRJRklDQVRFLS0tLS0K"
                },
                "cluster_hostname": {
                    "sensitive": false,
                    "type": "string",
                    "value": "35.238.125.77"
                },
                "cluster_password": {
                    "sensitive": false,
                    "type": "string",
                    "value": ""
                },
                "cluster_username": {
                    "sensitive": false,
                    "type": "string",
                    "value": ""
                },
                "clustername": {
                    "sensitive": false,
                    "type": "string",
                    "value": "test-cluster"
                },
                "instance_group_urls": {
                    "sensitive": false,
                    "type": "list",
                    "value": [
                        "https://www.googleapis.com/compute/v1/projects/cops-sandbox-1/zones/us-central1-c/instanceGroups/gke-test-cluster-test-cluster-e4ea1fa8-grp",
                        "https://www.googleapis.com/compute/v1/projects/cops-sandbox-1/zones/us-central1-f/instanceGroups/gke-test-cluster-test-cluster-f8883a84-grp",
                        "https://www.googleapis.com/compute/v1/projects/cops-sandbox-1/zones/us-central1-a/instanceGroups/gke-test-cluster-test-cluster-ae5b2a7f-grp"
                    ]
                },
                "node_config": {
                    "sensitive": false,
                    "type": "list",
                    "value": [
                        {
                            "disk_size_gb": "100",
                            "disk_type": "pd-standard",
                            "guest_accelerator": [],
                            "image_type": "COS",
                            "labels": {},
                            "local_ssd_count": "0",
                            "machine_type": "n1-standard-1",
                            "metadata": {
                                "disable-legacy-endpoints": "1"
                            },
                            "min_cpu_platform": "",
                            "oauth_scopes": [
                                "https://www.googleapis.com/auth/cloud-platform"
                            ],
                            "preemptible": "1",
                            "service_account": "default",
                            "tags": [],
                            "taint": [],
                            "workload_metadata_config": []
                        }
                    ]
                },
                "region": {
                    "sensitive": false,
                    "type": "string",
                    "value": "us-central1"
                }
            },
            "resources": {
                "google_container_cluster.slb_cluster": {
                    "type": "google_container_cluster",
                    "depends_on": [],
                    "primary": {
                        "id": "test-cluster",
                        "attributes": {
                            "additional_zones.#": "3",
                            "additional_zones.1655143457": "us-central1-f",
                            "additional_zones.533760100": "us-central1-c",
                            "additional_zones.770108134": "us-central1-a",
                            "addons_config.#": "1",
                            "addons_config.0.horizontal_pod_autoscaling.#": "0",
                            "addons_config.0.http_load_balancing.#": "0",
                            "addons_config.0.kubernetes_dashboard.#": "1",
                            "addons_config.0.kubernetes_dashboard.0.disabled": "true",
                            "addons_config.0.network_policy_config.#": "1",
                            "addons_config.0.network_policy_config.0.disabled": "true",
                            "cluster_autoscaling.#": "0",
                            "cluster_ipv4_cidr": "10.28.0.0/14",
                            "description": "",
                            "enable_kubernetes_alpha": "false",
                            "enable_legacy_abac": "false",
                            "endpoint": "35.238.125.77",
                            "id": "test-cluster",
                            "initial_node_count": "1",
                            "instance_group_urls.#": "3",
                            "instance_group_urls.0": "https://www.googleapis.com/compute/v1/projects/cops-sandbox-1/zones/us-central1-c/instanceGroups/gke-test-cluster-test-cluster-e4ea1fa8-grp",
                            "instance_group_urls.1": "https://www.googleapis.com/compute/v1/projects/cops-sandbox-1/zones/us-central1-f/instanceGroups/gke-test-cluster-test-cluster-f8883a84-grp",
                            "instance_group_urls.2": "https://www.googleapis.com/compute/v1/projects/cops-sandbox-1/zones/us-central1-a/instanceGroups/gke-test-cluster-test-cluster-ae5b2a7f-grp",
                            "ip_allocation_policy.#": "0",
                            "location": "us-central1",
                            "logging_service": "logging.googleapis.com",
                            "maintenance_policy.#": "0",
                            "master_auth.#": "1",
                            "master_auth.0.client_certificate": "",
                            "master_auth.0.client_certificate_config.#": "1",
                            "master_auth.0.client_certificate_config.0.issue_client_certificate": "false",
                            "master_auth.0.client_key": "",
                            "master_auth.0.cluster_ca_certificate": "LS0tLS1CRUdJTiBDRVJUSUZJQ0FURS0tLS0tCk1JSURERENDQWZTZ0F3SUJBZ0lSQU5XUkkvcEIrR0dvR2RSdElneU5laU13RFFZSktvWklodmNOQVFFTEJRQXcKTHpFdE1Dc0dBMVVFQXhNa1lXTTJNak0wTWpJdE9XUTFOeTAwTkRRd0xUZ3haVE10WldWbVlUUXlZak13T0dVMQpNQjRYRFRFNU1EWXdOakl3TVRjek1Wb1hEVEkwTURZd05ESXhNVGN6TVZvd0x6RXRNQ3NHQTFVRUF4TWtZV00yCk1qTTBNakl0T1dRMU55MDBORFF3TFRneFpUTXRaV1ZtWVRReVlqTXdPR1UxTUlJQklqQU5CZ2txaGtpRzl3MEIKQVFFRkFBT0NBUThBTUlJQkNnS0NBUUVBd2M2b1RYTkhlQzBNbEtHZ0ErekR0YysrbGg0R2tqV21LM2ZnUnA1RApaRXhkaXVicEJ5VkcwT1dWNGlZVE5rUmRMd3ZrVUdFK2VGQ1AwQWFMTkxHMlZwUjdYWkpQWGFtdGNKSnc2TDRVClhyWEpoM1lGY2w5R3ZMbTVZZVh0aW50UjlTNHJzWE5LS2lkMHB3eUREMUlMMUQ2Y0k0Z1BuUGoxNVJLckxqNkYKby84K2FCUi9WVmJyb0FiRHRWODdVWE9BM3FqUXNmT3JLMWlzekoxOUJMcU1PQmFlNmJTZEd4Nk4rbHlLNXk2RApRMlBoTDBNa1Z3cUdOc05wZVEwMUdFOVdJc0xNNDRuMWUzdWk4NHBRTEZhK3hjL2FBS3pNV0pkb3pCbTRCQXlxCmdWOGhuWk1MZHhTQ3MxQXBUcUdKVzNjcW05b2pRTVAvYUZNemZXM2huVThvRVFJREFRQUJveU13SVRBT0JnTlYKSFE4QkFmOEVCQU1DQWdRd0R3WURWUjBUQVFIL0JBVXdBd0VCL3pBTkJna3Foa2lHOXcwQkFRc0ZBQU9DQVFFQQpOK2FBVUdud1l6UmljampzbUhIWmxhVEorcm9ZdmJULytLWDZhRlcwNG9JTFVaQnh1aGxiNEdaVmNHMmdKSk5QCktRaUdraWtlaTlPY2JPa0QzSlAvdWZDVHY0TE40UWNCOXlGdWxJMjZHd0MwQ3lPUnZ3djI3WllCeGFVT2NkdjIKU1I3UVhCYW5GN1FVZVhudmtZdUtOSUo2N2JzWWl6NUQ2dmE2cjNpM01UWGxCT1FHVVRVeVhNY0Zoek4wUnUzMAozK2dxWHZBdEVsdHdSS3dhNWkrNjdKZUpTQ1NhWHJhOERqUEhHMEw2c1JsSHZXQ1JQaEthZ1BBY3A0bVVpUnZkCjZKUWdxb1RSdDcyWkdBaVl6MHZOUUY0R1NZcld1UmNDelBMWTZTRXQxNExxeGZ4d2NiODhUR1NPTGlpa09CQm8KUEdQbCtGZEpRbFB3bVZmZEhscDVaZz09Ci0tLS0tRU5EIENFUlRJRklDQVRFLS0tLS0K",
                            "master_auth.0.password": "",
                            "master_auth.0.username": "",
                            "master_authorized_networks_config.#": "0",
                            "master_version": "1.12.7-gke.10",
                            "monitoring_service": "monitoring.googleapis.com",
                            "name": "test-cluster",
                            "network": "projects/cops-sandbox-1/global/networks/default",
                            "network_policy.#": "1",
                            "network_policy.0.enabled": "false",
                            "network_policy.0.provider": "PROVIDER_UNSPECIFIED",
                            "node_config.#": "1",
                            "node_config.0.disk_size_gb": "100",
                            "node_config.0.disk_type": "pd-standard",
                            "node_config.0.guest_accelerator.#": "0",
                            "node_config.0.image_type": "COS",
                            "node_config.0.labels.%": "0",
                            "node_config.0.local_ssd_count": "0",
                            "node_config.0.machine_type": "n1-standard-1",
                            "node_config.0.metadata.%": "1",
                            "node_config.0.metadata.disable-legacy-endpoints": "true",
                            "node_config.0.min_cpu_platform": "",
                            "node_config.0.oauth_scopes.#": "1",
                            "node_config.0.oauth_scopes.1733087937": "https://www.googleapis.com/auth/cloud-platform",
                            "node_config.0.preemptible": "true",
                            "node_config.0.service_account": "default",
                            "node_config.0.tags.#": "0",
                            "node_config.0.taint.#": "0",
                            "node_config.0.workload_metadata_config.#": "0",
                            "node_locations.#": "3",
                            "node_locations.1655143457": "us-central1-f",
                            "node_locations.533760100": "us-central1-c",
                            "node_locations.770108134": "us-central1-a",
                            "node_pool.#": "1",
                            "node_pool.0.autoscaling.#": "0",
                            "node_pool.0.initial_node_count": "1",
                            "node_pool.0.instance_group_urls.#": "3",
                            "node_pool.0.instance_group_urls.0": "https://www.googleapis.com/compute/v1/projects/cops-sandbox-1/zones/us-central1-c/instanceGroupManagers/gke-test-cluster-test-cluster-e4ea1fa8-grp",
                            "node_pool.0.instance_group_urls.1": "https://www.googleapis.com/compute/v1/projects/cops-sandbox-1/zones/us-central1-f/instanceGroupManagers/gke-test-cluster-test-cluster-f8883a84-grp",
                            "node_pool.0.instance_group_urls.2": "https://www.googleapis.com/compute/v1/projects/cops-sandbox-1/zones/us-central1-a/instanceGroupManagers/gke-test-cluster-test-cluster-ae5b2a7f-grp",
                            "node_pool.0.management.#": "1",
                            "node_pool.0.management.0.auto_repair": "false",
                            "node_pool.0.management.0.auto_upgrade": "false",
                            "node_pool.0.max_pods_per_node": "0",
                            "node_pool.0.name": "test-cluster",
                            "node_pool.0.name_prefix": "",
                            "node_pool.0.node_config.#": "1",
                            "node_pool.0.node_config.0.disk_size_gb": "100",
                            "node_pool.0.node_config.0.disk_type": "pd-standard",
                            "node_pool.0.node_config.0.guest_accelerator.#": "0",
                            "node_pool.0.node_config.0.image_type": "COS",
                            "node_pool.0.node_config.0.labels.%": "0",
                            "node_pool.0.node_config.0.local_ssd_count": "0",
                            "node_pool.0.node_config.0.machine_type": "n1-standard-1",
                            "node_pool.0.node_config.0.metadata.%": "1",
                            "node_pool.0.node_config.0.metadata.disable-legacy-endpoints": "true",
                            "node_pool.0.node_config.0.min_cpu_platform": "",
                            "node_pool.0.node_config.0.oauth_scopes.#": "1",
                            "node_pool.0.node_config.0.oauth_scopes.1733087937": "https://www.googleapis.com/auth/cloud-platform",
                            "node_pool.0.node_config.0.preemptible": "true",
                            "node_pool.0.node_config.0.service_account": "default",
                            "node_pool.0.node_config.0.tags.#": "0",
                            "node_pool.0.node_config.0.taint.#": "0",
                            "node_pool.0.node_config.0.workload_metadata_config.#": "0",
                            "node_pool.0.node_count": "1",
                            "node_pool.0.version": "1.12.7-gke.10",
                            "node_version": "1.12.7-gke.10",
                            "private_cluster_config.#": "0",
                            "project": "cops-sandbox-1",
                            "region": "us-central1",
                            "remove_default_node_pool": "true",
                            "resource_labels.%": "0",
                            "subnetwork": "projects/cops-sandbox-1/regions/us-central1/subnetworks/default"
                        },
                        "meta": {
                            "e2bfb730-ecaa-11e6-8f88-34363bc7c4c0": {
                                "create": 1800000000000,
                                "delete": 1800000000000,
                                "update": 1800000000000
                            },
                            "schema_version": "1"
                        },
                        "tainted": false
                    },
                    "deposed": [],
                    "provider": "module.welcome-cluster.provider.google"
                },
                "google_container_node_pool.slb_nodes": {
                    "type": "google_container_node_pool",
                    "depends_on": [
                        "google_container_cluster.slb_cluster"
                    ],
                    "primary": {
                        "id": "us-central1/test-cluster/test-cluster",
                        "attributes": {
                            "cluster": "test-cluster",
                            "id": "us-central1/test-cluster/test-cluster",
                            "initial_node_count": "1",
                            "instance_group_urls.#": "3",
                            "instance_group_urls.0": "https://www.googleapis.com/compute/v1/projects/cops-sandbox-1/zones/us-central1-c/instanceGroupManagers/gke-test-cluster-test-cluster-e4ea1fa8-grp",
                            "instance_group_urls.1": "https://www.googleapis.com/compute/v1/projects/cops-sandbox-1/zones/us-central1-f/instanceGroupManagers/gke-test-cluster-test-cluster-f8883a84-grp",
                            "instance_group_urls.2": "https://www.googleapis.com/compute/v1/projects/cops-sandbox-1/zones/us-central1-a/instanceGroupManagers/gke-test-cluster-test-cluster-ae5b2a7f-grp",
                            "location": "us-central1",
                            "management.#": "1",
                            "management.0.auto_repair": "false",
                            "management.0.auto_upgrade": "false",
                            "name": "test-cluster",
                            "name_prefix": "",
                            "node_config.#": "1",
                            "node_config.0.disk_size_gb": "100",
                            "node_config.0.disk_type": "pd-standard",
                            "node_config.0.guest_accelerator.#": "0",
                            "node_config.0.image_type": "COS",
                            "node_config.0.labels.%": "0",
                            "node_config.0.local_ssd_count": "0",
                            "node_config.0.machine_type": "n1-standard-1",
                            "node_config.0.metadata.%": "1",
                            "node_config.0.metadata.disable-legacy-endpoints": "true",
                            "node_config.0.min_cpu_platform": "",
                            "node_config.0.oauth_scopes.#": "1",
                            "node_config.0.oauth_scopes.1733087937": "https://www.googleapis.com/auth/cloud-platform",
                            "node_config.0.preemptible": "true",
                            "node_config.0.service_account": "default",
                            "node_config.0.tags.#": "0",
                            "node_config.0.taint.#": "0",
                            "node_config.0.workload_metadata_config.#": "0",
                            "node_count": "1",
                            "project": "cops-sandbox-1",
                            "region": "us-central1",
                            "version": "1.12.7-gke.10"
                        },
                        "meta": {
                            "e2bfb730-ecaa-11e6-8f88-34363bc7c4c0": {
                                "create": 1800000000000,
                                "delete": 600000000000,
                                "update": 600000000000
                            },
                            "schema_version": "1"
                        },
                        "tainted": false
                    },
                    "deposed": [],
                    "provider": "module.welcome-cluster.provider.google"
                }
            },
            "depends_on": []
        }
    ]
}
